// !$*UTF8*$!
{
	archiveVersion = 1;
	classes = {
	};
	objectVersion = 56;
	objects = {

/* Begin PBXBuildFile section */
		4D0A978F2A8E6C2900874A30 /* SimpleStoreAppApp.swift in Sources */ = {isa = PBXBuildFile; fileRef = 4D0A978E2A8E6C2900874A30 /* SimpleStoreAppApp.swift */; };
		4D0A97912A8E6C2900874A30 /* ContentView.swift in Sources */ = {isa = PBXBuildFile; fileRef = 4D0A97902A8E6C2900874A30 /* ContentView.swift */; };
		4D0A97932A8E6C2B00874A30 /* Assets.xcassets in Resources */ = {isa = PBXBuildFile; fileRef = 4D0A97922A8E6C2B00874A30 /* Assets.xcassets */; };
		4D0A97962A8E6C2B00874A30 /* Preview Assets.xcassets in Resources */ = {isa = PBXBuildFile; fileRef = 4D0A97952A8E6C2B00874A30 /* Preview Assets.xcassets */; };
		4D0A97A12A8E732D00874A30 /* Product.swift in Sources */ = {isa = PBXBuildFile; fileRef = 4D0A97A02A8E732D00874A30 /* Product.swift */; };
		4D0A97A52A8E74DB00874A30 /* Category.swift in Sources */ = {isa = PBXBuildFile; fileRef = 4D0A97A42A8E74DB00874A30 /* Category.swift */; };
		4D0A97A72A8E756100874A30 /* ListCategoriesScreen.swift in Sources */ = {isa = PBXBuildFile; fileRef = 4D0A97A62A8E756100874A30 /* ListCategoriesScreen.swift */; };
		4D0A97AA2A8E757E00874A30 /* ListCategoryViewModel.swift in Sources */ = {isa = PBXBuildFile; fileRef = 4D0A97A92A8E757E00874A30 /* ListCategoryViewModel.swift */; };
		4D0A97AF2A8E898800874A30 /* CategoryRowView.swift in Sources */ = {isa = PBXBuildFile; fileRef = 4D0A97AE2A8E898800874A30 /* CategoryRowView.swift */; };
		4D0A97B12A8EB50700874A30 /* CategoryScreen.swift in Sources */ = {isa = PBXBuildFile; fileRef = 4D0A97B02A8EB50700874A30 /* CategoryScreen.swift */; };
		4D0A97B32A8EBA5300874A30 /* StoreAppApi.swift in Sources */ = {isa = PBXBuildFile; fileRef = 4D0A97B22A8EBA5300874A30 /* StoreAppApi.swift */; };
		4D0A97B52A8EDA6500874A30 /* ListProductsView.swift in Sources */ = {isa = PBXBuildFile; fileRef = 4D0A97B42A8EDA6500874A30 /* ListProductsView.swift */; };
/* End PBXBuildFile section */

/* Begin PBXFileReference section */
		4D0A978B2A8E6C2900874A30 /* SimpleStoreApp.app */ = {isa = PBXFileReference; explicitFileType = wrapper.application; includeInIndex = 0; path = SimpleStoreApp.app; sourceTree = BUILT_PRODUCTS_DIR; };
		4D0A978E2A8E6C2900874A30 /* SimpleStoreAppApp.swift */ = {isa = PBXFileReference; lastKnownFileType = sourcecode.swift; path = SimpleStoreAppApp.swift; sourceTree = "<group>"; };
		4D0A97902A8E6C2900874A30 /* ContentView.swift */ = {isa = PBXFileReference; lastKnownFileType = sourcecode.swift; path = ContentView.swift; sourceTree = "<group>"; };
		4D0A97922A8E6C2B00874A30 /* Assets.xcassets */ = {isa = PBXFileReference; lastKnownFileType = folder.assetcatalog; path = Assets.xcassets; sourceTree = "<group>"; };
		4D0A97952A8E6C2B00874A30 /* Preview Assets.xcassets */ = {isa = PBXFileReference; lastKnownFileType = folder.assetcatalog; path = "Preview Assets.xcassets"; sourceTree = "<group>"; };
		4D0A97A02A8E732D00874A30 /* Product.swift */ = {isa = PBXFileReference; lastKnownFileType = sourcecode.swift; path = Product.swift; sourceTree = "<group>"; };
		4D0A97A42A8E74DB00874A30 /* Category.swift */ = {isa = PBXFileReference; lastKnownFileType = sourcecode.swift; path = Category.swift; sourceTree = "<group>"; };
		4D0A97A62A8E756100874A30 /* ListCategoriesScreen.swift */ = {isa = PBXFileReference; lastKnownFileType = sourcecode.swift; path = ListCategoriesScreen.swift; sourceTree = "<group>"; };
		4D0A97A92A8E757E00874A30 /* ListCategoryViewModel.swift */ = {isa = PBXFileReference; lastKnownFileType = sourcecode.swift; path = ListCategoryViewModel.swift; sourceTree = "<group>"; };
		4D0A97AE2A8E898800874A30 /* CategoryRowView.swift */ = {isa = PBXFileReference; lastKnownFileType = sourcecode.swift; path = CategoryRowView.swift; sourceTree = "<group>"; };
		4D0A97B02A8EB50700874A30 /* CategoryScreen.swift */ = {isa = PBXFileReference; lastKnownFileType = sourcecode.swift; path = CategoryScreen.swift; sourceTree = "<group>"; };
		4D0A97B22A8EBA5300874A30 /* StoreAppApi.swift */ = {isa = PBXFileReference; lastKnownFileType = sourcecode.swift; path = StoreAppApi.swift; sourceTree = "<group>"; };
		4D0A97B42A8EDA6500874A30 /* ListProductsView.swift */ = {isa = PBXFileReference; lastKnownFileType = sourcecode.swift; path = ListProductsView.swift; sourceTree = "<group>"; };
/* End PBXFileReference section */

/* Begin PBXFrameworksBuildPhase section */
		4D0A97882A8E6C2900874A30 /* Frameworks */ = {
			isa = PBXFrameworksBuildPhase;
			buildActionMask = 2147483647;
			files = (
			);
			runOnlyForDeploymentPostprocessing = 0;
		};
/* End PBXFrameworksBuildPhase section */

/* Begin PBXGroup section */
		4D0A97822A8E6C2900874A30 = {
			isa = PBXGroup;
			children = (
				4D0A978D2A8E6C2900874A30 /* SimpleStoreApp */,
				4D0A978C2A8E6C2900874A30 /* Products */,
			);
			sourceTree = "<group>";
		};
		4D0A978C2A8E6C2900874A30 /* Products */ = {
			isa = PBXGroup;
			children = (
				4D0A978B2A8E6C2900874A30 /* SimpleStoreApp.app */,
			);
			name = Products;
			sourceTree = "<group>";
		};
		4D0A978D2A8E6C2900874A30 /* SimpleStoreApp */ = {
			isa = PBXGroup;
			children = (
				4D0A97AB2A8E890E00874A30 /* Views */,
				4D0A97A82A8E756C00874A30 /* ViewModels */,
				4D0A979F2A8E72F800874A30 /* Models */,
				4D0A979E2A8E6D9200874A30 /* Clients */,
				4D0A979D2A8E6D7F00874A30 /* APIs */,
				4D0A979C2A8E6D7400874A30 /* Screens */,
				4D0A978E2A8E6C2900874A30 /* SimpleStoreAppApp.swift */,
				4D0A97902A8E6C2900874A30 /* ContentView.swift */,
				4D0A97922A8E6C2B00874A30 /* Assets.xcassets */,
				4D0A97942A8E6C2B00874A30 /* Preview Content */,
			);
			path = SimpleStoreApp;
			sourceTree = "<group>";
		};
		4D0A97942A8E6C2B00874A30 /* Preview Content */ = {
			isa = PBXGroup;
			children = (
				4D0A97952A8E6C2B00874A30 /* Preview Assets.xcassets */,
			);
			path = "Preview Content";
			sourceTree = "<group>";
		};
		4D0A979C2A8E6D7400874A30 /* Screens */ = {
			isa = PBXGroup;
			children = (
				4D0A97A62A8E756100874A30 /* ListCategoriesScreen.swift */,
				4D0A97B02A8EB50700874A30 /* CategoryScreen.swift */,
				4D0A97B42A8EDA6500874A30 /* ListProductsView.swift */,
			);
			path = Screens;
			sourceTree = "<group>";
		};
		4D0A979D2A8E6D7F00874A30 /* APIs */ = {
			isa = PBXGroup;
			children = (
				4D0A97B22A8EBA5300874A30 /* StoreAppApi.swift */,
			);
			path = APIs;
			sourceTree = "<group>";
		};
		4D0A979E2A8E6D9200874A30 /* Clients */ = {
			isa = PBXGroup;
			children = (
			);
			path = Clients;
			sourceTree = "<group>";
		};
		4D0A979F2A8E72F800874A30 /* Models */ = {
			isa = PBXGroup;
			children = (
				4D0A97A02A8E732D00874A30 /* Product.swift */,
				4D0A97A42A8E74DB00874A30 /* Category.swift */,
			);
			path = Models;
			sourceTree = "<group>";
		};
		4D0A97A82A8E756C00874A30 /* ViewModels */ = {
			isa = PBXGroup;
			children = (
				4D0A97A92A8E757E00874A30 /* ListCategoryViewModel.swift */,
			);
			path = ViewModels;
			sourceTree = "<group>";
		};
		4D0A97AB2A8E890E00874A30 /* Views */ = {
			isa = PBXGroup;
			children = (
				4D0A97AE2A8E898800874A30 /* CategoryRowView.swift */,
			);
			path = Views;
			sourceTree = "<group>";
		};
/* End PBXGroup section */

/* Begin PBXNativeTarget section */
		4D0A978A2A8E6C2900874A30 /* SimpleStoreApp */ = {
			isa = PBXNativeTarget;
			buildConfigurationList = 4D0A97992A8E6C2B00874A30 /* Build configuration list for PBXNativeTarget "SimpleStoreApp" */;
			buildPhases = (
				4D0A97872A8E6C2900874A30 /* Sources */,
				4D0A97882A8E6C2900874A30 /* Frameworks */,
				4D0A97892A8E6C2900874A30 /* Resources */,
			);
			buildRules = (
			);
			dependencies = (
			);
			name = SimpleStoreApp;
			productName = SimpleStoreApp;
			productReference = 4D0A978B2A8E6C2900874A30 /* SimpleStoreApp.app */;
			productType = "com.apple.product-type.application";
		};
/* End PBXNativeTarget section */

/* Begin PBXProject section */
		4D0A97832A8E6C2900874A30 /* Project object */ = {
			isa = PBXProject;
			attributes = {
				BuildIndependentTargetsInParallel = 1;
				LastSwiftUpdateCheck = 1430;
				LastUpgradeCheck = 1430;
				TargetAttributes = {
					4D0A978A2A8E6C2900874A30 = {
						CreatedOnToolsVersion = 14.3.1;
					};
				};
			};
			buildConfigurationList = 4D0A97862A8E6C2900874A30 /* Build configuration list for PBXProject "SimpleStoreApp" */;
			compatibilityVersion = "Xcode 14.0";
			developmentRegion = en;
			hasScannedForEncodings = 0;
			knownRegions = (
				en,
				Base,
			);
			mainGroup = 4D0A97822A8E6C2900874A30;
			productRefGroup = 4D0A978C2A8E6C2900874A30 /* Products */;
			projectDirPath = "";
			projectRoot = "";
			targets = (
				4D0A978A2A8E6C2900874A30 /* SimpleStoreApp */,
			);
		};
/* End PBXProject section */

/* Begin PBXResourcesBuildPhase section */
		4D0A97892A8E6C2900874A30 /* Resources */ = {
			isa = PBXResourcesBuildPhase;
			buildActionMask = 2147483647;
			files = (
				4D0A97962A8E6C2B00874A30 /* Preview Assets.xcassets in Resources */,
				4D0A97932A8E6C2B00874A30 /* Assets.xcassets in Resources */,
			);
			runOnlyForDeploymentPostprocessing = 0;
		};
/* End PBXResourcesBuildPhase section */

/* Begin PBXSourcesBuildPhase section */
		4D0A97872A8E6C2900874A30 /* Sources */ = {
			isa = PBXSourcesBuildPhase;
			buildActionMask = 2147483647;
			files = (
				4D0A97912A8E6C2900874A30 /* ContentView.swift in Sources */,
				4D0A97A52A8E74DB00874A30 /* Category.swift in Sources */,
				4D0A97B52A8EDA6500874A30 /* ListProductsView.swift in Sources */,
				4D0A978F2A8E6C2900874A30 /* SimpleStoreAppApp.swift in Sources */,
				4D0A97B32A8EBA5300874A30 /* StoreAppApi.swift in Sources */,
				4D0A97A72A8E756100874A30 /* ListCategoriesScreen.swift in Sources */,
				4D0A97AF2A8E898800874A30 /* CategoryRowView.swift in Sources */,
				4D0A97B12A8EB50700874A30 /* CategoryScreen.swift in Sources */,
				4D0A97AA2A8E757E00874A30 /* ListCategoryViewModel.swift in Sources */,
				4D0A97A12A8E732D00874A30 /* Product.swift in Sources */,
			);
			runOnlyForDeploymentPostprocessing = 0;
		};
/* End PBXSourcesBuildPhase section */

/* Begin XCBuildConfiguration section */
		4D0A97972A8E6C2B00874A30 /* Debug */ = {
			isa = XCBuildConfiguration;
			buildSettings = {
				ALWAYS_SEARCH_USER_PATHS = NO;
				CLANG_ANALYZER_NONNULL = YES;
				CLANG_ANALYZER_NUMBER_OBJECT_CONVERSION = YES_AGGRESSIVE;
				CLANG_CXX_LANGUAGE_STANDARD = "gnu++20";
				CLANG_ENABLE_MODULES = YES;
				CLANG_ENABLE_OBJC_ARC = YES;
				CLANG_ENABLE_OBJC_WEAK = YES;
				CLANG_WARN_BLOCK_CAPTURE_AUTORELEASING = YES;
				CLANG_WARN_BOOL_CONVERSION = YES;
				CLANG_WARN_COMMA = YES;
				CLANG_WARN_CONSTANT_CONVERSION = YES;
				CLANG_WARN_DEPRECATED_OBJC_IMPLEMENTATIONS = YES;
				CLANG_WARN_DIRECT_OBJC_ISA_USAGE = YES_ERROR;
				CLANG_WARN_DOCUMENTATION_COMMENTS = YES;
				CLANG_WARN_EMPTY_BODY = YES;
				CLANG_WARN_ENUM_CONVERSION = YES;
				CLANG_WARN_INFINITE_RECURSION = YES;
				CLANG_WARN_INT_CONVERSION = YES;
				CLANG_WARN_NON_LITERAL_NULL_CONVERSION = YES;
				CLANG_WARN_OBJC_IMPLICIT_RETAIN_SELF = YES;
				CLANG_WARN_OBJC_LITERAL_CONVERSION = YES;
				CLANG_WARN_OBJC_ROOT_CLASS = YES_ERROR;
				CLANG_WARN_QUOTED_INCLUDE_IN_FRAMEWORK_HEADER = YES;
				CLANG_WARN_RANGE_LOOP_ANALYSIS = YES;
				CLANG_WARN_STRICT_PROTOTYPES = YES;
				CLANG_WARN_SUSPICIOUS_MOVE = YES;
				CLANG_WARN_UNGUARDED_AVAILABILITY = YES_AGGRESSIVE;
				CLANG_WARN_UNREACHABLE_CODE = YES;
				CLANG_WARN__DUPLICATE_METHOD_MATCH = YES;
				COPY_PHASE_STRIP = NO;
				DEBUG_INFORMATION_FORMAT = dwarf;
				ENABLE_STRICT_OBJC_MSGSEND = YES;
				ENABLE_TESTABILITY = YES;
				GCC_C_LANGUAGE_STANDARD = gnu11;
				GCC_DYNAMIC_NO_PIC = NO;
				GCC_NO_COMMON_BLOCKS = YES;
				GCC_OPTIMIZATION_LEVEL = 0;
				GCC_PREPROCESSOR_DEFINITIONS = (
					"DEBUG=1",
					"$(inherited)",
				);
				GCC_WARN_64_TO_32_BIT_CONVERSION = YES;
				GCC_WARN_ABOUT_RETURN_TYPE = YES_ERROR;
				GCC_WARN_UNDECLARED_SELECTOR = YES;
				GCC_WARN_UNINITIALIZED_AUTOS = YES_AGGRESSIVE;
				GCC_WARN_UNUSED_FUNCTION = YES;
				GCC_WARN_UNUSED_VARIABLE = YES;
				IPHONEOS_DEPLOYMENT_TARGET = 16.4;
				MTL_ENABLE_DEBUG_INFO = INCLUDE_SOURCE;
				MTL_FAST_MATH = YES;
				ONLY_ACTIVE_ARCH = YES;
				SDKROOT = iphoneos;
				SWIFT_ACTIVE_COMPILATION_CONDITIONS = DEBUG;
				SWIFT_OPTIMIZATION_LEVEL = "-Onone";
			};
			name = Debug;
		};
		4D0A97982A8E6C2B00874A30 /* Release */ = {
			isa = XCBuildConfiguration;
			buildSettings = {
				ALWAYS_SEARCH_USER_PATHS = NO;
				CLANG_ANALYZER_NONNULL = YES;
				CLANG_ANALYZER_NUMBER_OBJECT_CONVERSION = YES_AGGRESSIVE;
				CLANG_CXX_LANGUAGE_STANDARD = "gnu++20";
				CLANG_ENABLE_MODULES = YES;
				CLANG_ENABLE_OBJC_ARC = YES;
				CLANG_ENABLE_OBJC_WEAK = YES;
				CLANG_WARN_BLOCK_CAPTURE_AUTORELEASING = YES;
				CLANG_WARN_BOOL_CONVERSION = YES;
				CLANG_WARN_COMMA = YES;
				CLANG_WARN_CONSTANT_CONVERSION = YES;
				CLANG_WARN_DEPRECATED_OBJC_IMPLEMENTATIONS = YES;
				CLANG_WARN_DIRECT_OBJC_ISA_USAGE = YES_ERROR;
				CLANG_WARN_DOCUMENTATION_COMMENTS = YES;
				CLANG_WARN_EMPTY_BODY = YES;
				CLANG_WARN_ENUM_CONVERSION = YES;
				CLANG_WARN_INFINITE_RECURSION = YES;
				CLANG_WARN_INT_CONVERSION = YES;
				CLANG_WARN_NON_LITERAL_NULL_CONVERSION = YES;
				CLANG_WARN_OBJC_IMPLICIT_RETAIN_SELF = YES;
				CLANG_WARN_OBJC_LITERAL_CONVERSION = YES;
				CLANG_WARN_OBJC_ROOT_CLASS = YES_ERROR;
				CLANG_WARN_QUOTED_INCLUDE_IN_FRAMEWORK_HEADER = YES;
				CLANG_WARN_RANGE_LOOP_ANALYSIS = YES;
				CLANG_WARN_STRICT_PROTOTYPES = YES;
				CLANG_WARN_SUSPICIOUS_MOVE = YES;
				CLANG_WARN_UNGUARDED_AVAILABILITY = YES_AGGRESSIVE;
				CLANG_WARN_UNREACHABLE_CODE = YES;
				CLANG_WARN__DUPLICATE_METHOD_MATCH = YES;
				COPY_PHASE_STRIP = NO;
				DEBUG_INFORMATION_FORMAT = "dwarf-with-dsym";
				ENABLE_NS_ASSERTIONS = NO;
				ENABLE_STRICT_OBJC_MSGSEND = YES;
				GCC_C_LANGUAGE_STANDARD = gnu11;
				GCC_NO_COMMON_BLOCKS = YES;
				GCC_WARN_64_TO_32_BIT_CONVERSION = YES;
				GCC_WARN_ABOUT_RETURN_TYPE = YES_ERROR;
				GCC_WARN_UNDECLARED_SELECTOR = YES;
				GCC_WARN_UNINITIALIZED_AUTOS = YES_AGGRESSIVE;
				GCC_WARN_UNUSED_FUNCTION = YES;
				GCC_WARN_UNUSED_VARIABLE = YES;
				IPHONEOS_DEPLOYMENT_TARGET = 16.4;
				MTL_ENABLE_DEBUG_INFO = NO;
				MTL_FAST_MATH = YES;
				SDKROOT = iphoneos;
				SWIFT_COMPILATION_MODE = wholemodule;
				SWIFT_OPTIMIZATION_LEVEL = "-O";
				VALIDATE_PRODUCT = YES;
			};
			name = Release;
		};
		4D0A979A2A8E6C2B00874A30 /* Debug */ = {
			isa = XCBuildConfiguration;
			buildSettings = {
				ASSETCATALOG_COMPILER_APPICON_NAME = AppIcon;
				ASSETCATALOG_COMPILER_GLOBAL_ACCENT_COLOR_NAME = AccentColor;
				CODE_SIGN_STYLE = Automatic;
				CURRENT_PROJECT_VERSION = 1;
				DEVELOPMENT_ASSET_PATHS = "\"SimpleStoreApp/Preview Content\"";
				DEVELOPMENT_TEAM = 56F54J4H3N;
				ENABLE_PREVIEWS = YES;
				GENERATE_INFOPLIST_FILE = YES;
				INFOPLIST_KEY_UIApplicationSceneManifest_Generation = YES;
				INFOPLIST_KEY_UIApplicationSupportsIndirectInputEvents = YES;
				INFOPLIST_KEY_UILaunchScreen_Generation = YES;
				INFOPLIST_KEY_UISupportedInterfaceOrientations_iPad = "UIInterfaceOrientationPortrait UIInterfaceOrientationPortraitUpsideDown UIInterfaceOrientationLandscapeLeft UIInterfaceOrientationLandscapeRight";
				INFOPLIST_KEY_UISupportedInterfaceOrientations_iPhone = "UIInterfaceOrientationPortrait UIInterfaceOrientationLandscapeLeft UIInterfaceOrientationLandscapeRight";
				LD_RUNPATH_SEARCH_PATHS = (
					"$(inherited)",
					"@executable_path/Frameworks",
				);
				MARKETING_VERSION = 1.0;
				PRODUCT_BUNDLE_IDENTIFIER = mobilesoftwareservices.SimpleStoreApp;
				PRODUCT_NAME = "$(TARGET_NAME)";
				SWIFT_EMIT_LOC_STRINGS = YES;
				SWIFT_VERSION = 5.0;
				TARGETED_DEVICE_FAMILY = "1,2";
			};
			name = Debug;
		};
		4D0A979B2A8E6C2B00874A30 /* Release */ = {
			isa = XCBuildConfiguration;
			buildSettings = {
				ASSETCATALOG_COMPILER_APPICON_NAME = AppIcon;
				ASSETCATALOG_COMPILER_GLOBAL_ACCENT_COLOR_NAME = AccentColor;
				CODE_SIGN_STYLE = Automatic;
				CURRENT_PROJECT_VERSION = 1;
				DEVELOPMENT_ASSET_PATHS = "\"SimpleStoreApp/Preview Content\"";
				DEVELOPMENT_TEAM = 56F54J4H3N;
				ENABLE_PREVIEWS = YES;
				GENERATE_INFOPLIST_FILE = YES;
				INFOPLIST_KEY_UIApplicationSceneManifest_Generation = YES;
				INFOPLIST_KEY_UIApplicationSupportsIndirectInputEvents = YES;
				INFOPLIST_KEY_UILaunchScreen_Generation = YES;
				INFOPLIST_KEY_UISupportedInterfaceOrientations_iPad = "UIInterfaceOrientationPortrait UIInterfaceOrientationPortraitUpsideDown UIInterfaceOrientationLandscapeLeft UIInterfaceOrientationLandscapeRight";
				INFOPLIST_KEY_UISupportedInterfaceOrientations_iPhone = "UIInterfaceOrientationPortrait UIInterfaceOrientationLandscapeLeft UIInterfaceOrientationLandscapeRight";
				LD_RUNPATH_SEARCH_PATHS = (
					"$(inherited)",
					"@executable_path/Frameworks",
				);
				MARKETING_VERSION = 1.0;
				PRODUCT_BUNDLE_IDENTIFIER = mobilesoftwareservices.SimpleStoreApp;
				PRODUCT_NAME = "$(TARGET_NAME)";
				SWIFT_EMIT_LOC_STRINGS = YES;
				SWIFT_VERSION = 5.0;
				TARGETED_DEVICE_FAMILY = "1,2";
			};
			name = Release;
		};
/* End XCBuildConfiguration section */

/* Begin XCConfigurationList section */
		4D0A97862A8E6C2900874A30 /* Build configuration list for PBXProject "SimpleStoreApp" */ = {
			isa = XCConfigurationList;
			buildConfigurations = (
				4D0A97972A8E6C2B00874A30 /* Debug */,
				4D0A97982A8E6C2B00874A30 /* Release */,
			);
			defaultConfigurationIsVisible = 0;
			defaultConfigurationName = Release;
		};
		4D0A97992A8E6C2B00874A30 /* Build configuration list for PBXNativeTarget "SimpleStoreApp" */ = {
			isa = XCConfigurationList;
			buildConfigurations = (
				4D0A979A2A8E6C2B00874A30 /* Debug */,
				4D0A979B2A8E6C2B00874A30 /* Release */,
			);
			defaultConfigurationIsVisible = 0;
			defaultConfigurationName = Release;
		};
/* End XCConfigurationList section */
	};
	rootObject = 4D0A97832A8E6C2900874A30 /* Project object */;
}
