{
  "pins" : [
    {
      "identity" : "groceryappshareddto",
      "kind" : "remoteSourceControl",
      "location" : "https://github.com/thomas-e-cowern/GroceryAppSharedDTO.git",
      "state" : {
        "branch" : "main",
        "revision" : "9e6c317156062ef930931d34c92ba597175586e1"
      }
    }
  ],
  "version" : 2
}
