{
  "pins" : [
    {
      "identity" : "groceryappshareddto",
      "kind" : "remoteSourceControl",
      "location" : "https://github.com/thomas-e-cowern/GroceryAppSharedDTO.git",
      "state" : {
        "branch" : "main",
        "revision" : "550f36646ca18057fc1ffb6db0f41243a22306f2"
      }
    }
  ],
  "version" : 2
}
