{
  "pins" : [
    {
      "identity" : "groceryappshareddto",
      "kind" : "remoteSourceControl",
      "location" : "https://github.com/thomas-e-cowern/GroceryAppSharedDTO.git",
      "state" : {
        "branch" : "main",
        "revision" : "4ba11e8447b4cf5c73bf658df551206e8297e3b6"
      }
    }
  ],
  "version" : 2
}
