// !$*UTF8*$!
{
	archiveVersion = 1;
	classes = {
	};
	objectVersion = 56;
	objects = {

/* Begin PBXBuildFile section */
		4D81E0BD2B489A8900314D71 /* CreditCardFormApp.swift in Sources */ = {isa = PBXBuildFile; fileRef = 4D81E0BC2B489A8900314D71 /* CreditCardFormApp.swift */; };
		4D81E0BF2B489A8900314D71 /* ContentView.swift in Sources */ = {isa = PBXBuildFile; fileRef = 4D81E0BE2B489A8900314D71 /* ContentView.swift */; };
		4D81E0C12B489A8D00314D71 /* Assets.xcassets in Resources */ = {isa = PBXBuildFile; fileRef = 4D81E0C02B489A8D00314D71 /* Assets.xcassets */; };
		4D81E0C42B489A8D00314D71 /* Preview Assets.xcassets in Resources */ = {isa = PBXBuildFile; fileRef = 4D81E0C32B489A8D00314D71 /* Preview Assets.xcassets */; };
		4D81E0CB2B489B4300314D71 /* CardFrontView.swift in Sources */ = {isa = PBXBuildFile; fileRef = 4D81E0CA2B489B4300314D71 /* CardFrontView.swift */; };
		4D81E0CD2B48AAD900314D71 /* CheckoutFormView.swift in Sources */ = {isa = PBXBuildFile; fileRef = 4D81E0CC2B48AAD900314D71 /* CheckoutFormView.swift */; };
		4D81E0CF2B48AB0200314D71 /* CreditCardModel.swift in Sources */ = {isa = PBXBuildFile; fileRef = 4D81E0CE2B48AB0200314D71 /* CreditCardModel.swift */; };
		4D81E0D12B48BFE400314D71 /* CardBackView.swift in Sources */ = {isa = PBXBuildFile; fileRef = 4D81E0D02B48BFE400314D71 /* CardBackView.swift */; };
/* End PBXBuildFile section */

/* Begin PBXFileReference section */
		4D81E0B92B489A8900314D71 /* CreditCardForm.app */ = {isa = PBXFileReference; explicitFileType = wrapper.application; includeInIndex = 0; path = CreditCardForm.app; sourceTree = BUILT_PRODUCTS_DIR; };
		4D81E0BC2B489A8900314D71 /* CreditCardFormApp.swift */ = {isa = PBXFileReference; lastKnownFileType = sourcecode.swift; path = CreditCardFormApp.swift; sourceTree = "<group>"; };
		4D81E0BE2B489A8900314D71 /* ContentView.swift */ = {isa = PBXFileReference; lastKnownFileType = sourcecode.swift; path = ContentView.swift; sourceTree = "<group>"; };
		4D81E0C02B489A8D00314D71 /* Assets.xcassets */ = {isa = PBXFileReference; lastKnownFileType = folder.assetcatalog; path = Assets.xcassets; sourceTree = "<group>"; };
		4D81E0C32B489A8D00314D71 /* Preview Assets.xcassets */ = {isa = PBXFileReference; lastKnownFileType = folder.assetcatalog; path = "Preview Assets.xcassets"; sourceTree = "<group>"; };
		4D81E0CA2B489B4300314D71 /* CardFrontView.swift */ = {isa = PBXFileReference; lastKnownFileType = sourcecode.swift; path = CardFrontView.swift; sourceTree = "<group>"; };
		4D81E0CC2B48AAD900314D71 /* CheckoutFormView.swift */ = {isa = PBXFileReference; lastKnownFileType = sourcecode.swift; path = CheckoutFormView.swift; sourceTree = "<group>"; };
		4D81E0CE2B48AB0200314D71 /* CreditCardModel.swift */ = {isa = PBXFileReference; lastKnownFileType = sourcecode.swift; path = CreditCardModel.swift; sourceTree = "<group>"; };
		4D81E0D02B48BFE400314D71 /* CardBackView.swift */ = {isa = PBXFileReference; lastKnownFileType = sourcecode.swift; path = CardBackView.swift; sourceTree = "<group>"; };
		4D81E0D52B48D63000314D71 /* README.md */ = {isa = PBXFileReference; lastKnownFileType = net.daringfireball.markdown; path = README.md; sourceTree = "<group>"; };
/* End PBXFileReference section */

/* Begin PBXFrameworksBuildPhase section */
		4D81E0B62B489A8900314D71 /* Frameworks */ = {
			isa = PBXFrameworksBuildPhase;
			buildActionMask = 2147483647;
			files = (
			);
			runOnlyForDeploymentPostprocessing = 0;
		};
/* End PBXFrameworksBuildPhase section */

/* Begin PBXGroup section */
		4D81E0B02B489A8900314D71 = {
			isa = PBXGroup;
			children = (
				4D81E0BB2B489A8900314D71 /* CreditCardForm */,
				4D81E0BA2B489A8900314D71 /* Products */,
			);
			sourceTree = "<group>";
		};
		4D81E0BA2B489A8900314D71 /* Products */ = {
			isa = PBXGroup;
			children = (
				4D81E0B92B489A8900314D71 /* CreditCardForm.app */,
			);
			name = Products;
			sourceTree = "<group>";
		};
		4D81E0BB2B489A8900314D71 /* CreditCardForm */ = {
			isa = PBXGroup;
			children = (
				4D81E0D42B48D28600314D71 /* Models */,
				4D81E0D22B48D26400314D71 /* Views */,
				4D81E0BC2B489A8900314D71 /* CreditCardFormApp.swift */,
				4D81E0C02B489A8D00314D71 /* Assets.xcassets */,
				4D81E0C22B489A8D00314D71 /* Preview Content */,
				4D81E0D52B48D63000314D71 /* README.md */,
			);
			path = CreditCardForm;
			sourceTree = "<group>";
		};
		4D81E0C22B489A8D00314D71 /* Preview Content */ = {
			isa = PBXGroup;
			children = (
				4D81E0C32B489A8D00314D71 /* Preview Assets.xcassets */,
			);
			path = "Preview Content";
			sourceTree = "<group>";
		};
		4D81E0D22B48D26400314D71 /* Views */ = {
			isa = PBXGroup;
			children = (
				4D81E0CA2B489B4300314D71 /* CardFrontView.swift */,
				4D81E0BE2B489A8900314D71 /* ContentView.swift */,
				4D81E0D02B48BFE400314D71 /* CardBackView.swift */,
				4D81E0CC2B48AAD900314D71 /* CheckoutFormView.swift */,
			);
			path = Views;
			sourceTree = "<group>";
		};
		4D81E0D42B48D28600314D71 /* Models */ = {
			isa = PBXGroup;
			children = (
				4D81E0CE2B48AB0200314D71 /* CreditCardModel.swift */,
			);
			path = Models;
			sourceTree = "<group>";
		};
/* End PBXGroup section */

/* Begin PBXNativeTarget section */
		4D81E0B82B489A8900314D71 /* CreditCardForm */ = {
			isa = PBXNativeTarget;
			buildConfigurationList = 4D81E0C72B489A8D00314D71 /* Build configuration list for PBXNativeTarget "CreditCardForm" */;
			buildPhases = (
				4D81E0B52B489A8900314D71 /* Sources */,
				4D81E0B62B489A8900314D71 /* Frameworks */,
				4D81E0B72B489A8900314D71 /* Resources */,
			);
			buildRules = (
			);
			dependencies = (
			);
			name = CreditCardForm;
			productName = CreditCardForm;
			productReference = 4D81E0B92B489A8900314D71 /* CreditCardForm.app */;
			productType = "com.apple.product-type.application";
		};
/* End PBXNativeTarget section */

/* Begin PBXProject section */
		4D81E0B12B489A8900314D71 /* Project object */ = {
			isa = PBXProject;
			attributes = {
				BuildIndependentTargetsInParallel = 1;
				LastSwiftUpdateCheck = 1510;
				LastUpgradeCheck = 1510;
				TargetAttributes = {
					4D81E0B82B489A8900314D71 = {
						CreatedOnToolsVersion = 15.1;
					};
				};
			};
			buildConfigurationList = 4D81E0B42B489A8900314D71 /* Build configuration list for PBXProject "CreditCardForm" */;
			compatibilityVersion = "Xcode 14.0";
			developmentRegion = en;
			hasScannedForEncodings = 0;
			knownRegions = (
				en,
				Base,
			);
			mainGroup = 4D81E0B02B489A8900314D71;
			productRefGroup = 4D81E0BA2B489A8900314D71 /* Products */;
			projectDirPath = "";
			projectRoot = "";
			targets = (
				4D81E0B82B489A8900314D71 /* CreditCardForm */,
			);
		};
/* End PBXProject section */

/* Begin PBXResourcesBuildPhase section */
		4D81E0B72B489A8900314D71 /* Resources */ = {
			isa = PBXResourcesBuildPhase;
			buildActionMask = 2147483647;
			files = (
				4D81E0C42B489A8D00314D71 /* Preview Assets.xcassets in Resources */,
				4D81E0C12B489A8D00314D71 /* Assets.xcassets in Resources */,
			);
			runOnlyForDeploymentPostprocessing = 0;
		};
/* End PBXResourcesBuildPhase section */

/* Begin PBXSourcesBuildPhase section */
		4D81E0B52B489A8900314D71 /* Sources */ = {
			isa = PBXSourcesBuildPhase;
			buildActionMask = 2147483647;
			files = (
				4D81E0BF2B489A8900314D71 /* ContentView.swift in Sources */,
				4D81E0CF2B48AB0200314D71 /* CreditCardModel.swift in Sources */,
				4D81E0BD2B489A8900314D71 /* CreditCardFormApp.swift in Sources */,
				4D81E0CD2B48AAD900314D71 /* CheckoutFormView.swift in Sources */,
				4D81E0CB2B489B4300314D71 /* CardFrontView.swift in Sources */,
				4D81E0D12B48BFE400314D71 /* CardBackView.swift in Sources */,
			);
			runOnlyForDeploymentPostprocessing = 0;
		};
/* End PBXSourcesBuildPhase section */

/* Begin XCBuildConfiguration section */
		4D81E0C52B489A8D00314D71 /* Debug */ = {
			isa = XCBuildConfiguration;
			buildSettings = {
				ALWAYS_SEARCH_USER_PATHS = NO;
				ASSETCATALOG_COMPILER_GENERATE_SWIFT_ASSET_SYMBOL_EXTENSIONS = YES;
				CLANG_ANALYZER_NONNULL = YES;
				CLANG_ANALYZER_NUMBER_OBJECT_CONVERSION = YES_AGGRESSIVE;
				CLANG_CXX_LANGUAGE_STANDARD = "gnu++20";
				CLANG_ENABLE_MODULES = YES;
				CLANG_ENABLE_OBJC_ARC = YES;
				CLANG_ENABLE_OBJC_WEAK = YES;
				CLANG_WARN_BLOCK_CAPTURE_AUTORELEASING = YES;
				CLANG_WARN_BOOL_CONVERSION = YES;
				CLANG_WARN_COMMA = YES;
				CLANG_WARN_CONSTANT_CONVERSION = YES;
				CLANG_WARN_DEPRECATED_OBJC_IMPLEMENTATIONS = YES;
				CLANG_WARN_DIRECT_OBJC_ISA_USAGE = YES_ERROR;
				CLANG_WARN_DOCUMENTATION_COMMENTS = YES;
				CLANG_WARN_EMPTY_BODY = YES;
				CLANG_WARN_ENUM_CONVERSION = YES;
				CLANG_WARN_INFINITE_RECURSION = YES;
				CLANG_WARN_INT_CONVERSION = YES;
				CLANG_WARN_NON_LITERAL_NULL_CONVERSION = YES;
				CLANG_WARN_OBJC_IMPLICIT_RETAIN_SELF = YES;
				CLANG_WARN_OBJC_LITERAL_CONVERSION = YES;
				CLANG_WARN_OBJC_ROOT_CLASS = YES_ERROR;
				CLANG_WARN_QUOTED_INCLUDE_IN_FRAMEWORK_HEADER = YES;
				CLANG_WARN_RANGE_LOOP_ANALYSIS = YES;
				CLANG_WARN_STRICT_PROTOTYPES = YES;
				CLANG_WARN_SUSPICIOUS_MOVE = YES;
				CLANG_WARN_UNGUARDED_AVAILABILITY = YES_AGGRESSIVE;
				CLANG_WARN_UNREACHABLE_CODE = YES;
				CLANG_WARN__DUPLICATE_METHOD_MATCH = YES;
				COPY_PHASE_STRIP = NO;
				DEBUG_INFORMATION_FORMAT = dwarf;
				ENABLE_STRICT_OBJC_MSGSEND = YES;
				ENABLE_TESTABILITY = YES;
				ENABLE_USER_SCRIPT_SANDBOXING = YES;
				GCC_C_LANGUAGE_STANDARD = gnu17;
				GCC_DYNAMIC_NO_PIC = NO;
				GCC_NO_COMMON_BLOCKS = YES;
				GCC_OPTIMIZATION_LEVEL = 0;
				GCC_PREPROCESSOR_DEFINITIONS = (
					"DEBUG=1",
					"$(inherited)",
				);
				GCC_WARN_64_TO_32_BIT_CONVERSION = YES;
				GCC_WARN_ABOUT_RETURN_TYPE = YES_ERROR;
				GCC_WARN_UNDECLARED_SELECTOR = YES;
				GCC_WARN_UNINITIALIZED_AUTOS = YES_AGGRESSIVE;
				GCC_WARN_UNUSED_FUNCTION = YES;
				GCC_WARN_UNUSED_VARIABLE = YES;
				IPHONEOS_DEPLOYMENT_TARGET = 17.2;
				LOCALIZATION_PREFERS_STRING_CATALOGS = YES;
				MTL_ENABLE_DEBUG_INFO = INCLUDE_SOURCE;
				MTL_FAST_MATH = YES;
				ONLY_ACTIVE_ARCH = YES;
				SDKROOT = iphoneos;
				SWIFT_ACTIVE_COMPILATION_CONDITIONS = "DEBUG $(inherited)";
				SWIFT_OPTIMIZATION_LEVEL = "-Onone";
			};
			name = Debug;
		};
		4D81E0C62B489A8D00314D71 /* Release */ = {
			isa = XCBuildConfiguration;
			buildSettings = {
				ALWAYS_SEARCH_USER_PATHS = NO;
				ASSETCATALOG_COMPILER_GENERATE_SWIFT_ASSET_SYMBOL_EXTENSIONS = YES;
				CLANG_ANALYZER_NONNULL = YES;
				CLANG_ANALYZER_NUMBER_OBJECT_CONVERSION = YES_AGGRESSIVE;
				CLANG_CXX_LANGUAGE_STANDARD = "gnu++20";
				CLANG_ENABLE_MODULES = YES;
				CLANG_ENABLE_OBJC_ARC = YES;
				CLANG_ENABLE_OBJC_WEAK = YES;
				CLANG_WARN_BLOCK_CAPTURE_AUTORELEASING = YES;
				CLANG_WARN_BOOL_CONVERSION = YES;
				CLANG_WARN_COMMA = YES;
				CLANG_WARN_CONSTANT_CONVERSION = YES;
				CLANG_WARN_DEPRECATED_OBJC_IMPLEMENTATIONS = YES;
				CLANG_WARN_DIRECT_OBJC_ISA_USAGE = YES_ERROR;
				CLANG_WARN_DOCUMENTATION_COMMENTS = YES;
				CLANG_WARN_EMPTY_BODY = YES;
				CLANG_WARN_ENUM_CONVERSION = YES;
				CLANG_WARN_INFINITE_RECURSION = YES;
				CLANG_WARN_INT_CONVERSION = YES;
				CLANG_WARN_NON_LITERAL_NULL_CONVERSION = YES;
				CLANG_WARN_OBJC_IMPLICIT_RETAIN_SELF = YES;
				CLANG_WARN_OBJC_LITERAL_CONVERSION = YES;
				CLANG_WARN_OBJC_ROOT_CLASS = YES_ERROR;
				CLANG_WARN_QUOTED_INCLUDE_IN_FRAMEWORK_HEADER = YES;
				CLANG_WARN_RANGE_LOOP_ANALYSIS = YES;
				CLANG_WARN_STRICT_PROTOTYPES = YES;
				CLANG_WARN_SUSPICIOUS_MOVE = YES;
				CLANG_WARN_UNGUARDED_AVAILABILITY = YES_AGGRESSIVE;
				CLANG_WARN_UNREACHABLE_CODE = YES;
				CLANG_WARN__DUPLICATE_METHOD_MATCH = YES;
				COPY_PHASE_STRIP = NO;
				DEBUG_INFORMATION_FORMAT = "dwarf-with-dsym";
				ENABLE_NS_ASSERTIONS = NO;
				ENABLE_STRICT_OBJC_MSGSEND = YES;
				ENABLE_USER_SCRIPT_SANDBOXING = YES;
				GCC_C_LANGUAGE_STANDARD = gnu17;
				GCC_NO_COMMON_BLOCKS = YES;
				GCC_WARN_64_TO_32_BIT_CONVERSION = YES;
				GCC_WARN_ABOUT_RETURN_TYPE = YES_ERROR;
				GCC_WARN_UNDECLARED_SELECTOR = YES;
				GCC_WARN_UNINITIALIZED_AUTOS = YES_AGGRESSIVE;
				GCC_WARN_UNUSED_FUNCTION = YES;
				GCC_WARN_UNUSED_VARIABLE = YES;
				IPHONEOS_DEPLOYMENT_TARGET = 17.2;
				LOCALIZATION_PREFERS_STRING_CATALOGS = YES;
				MTL_ENABLE_DEBUG_INFO = NO;
				MTL_FAST_MATH = YES;
				SDKROOT = iphoneos;
				SWIFT_COMPILATION_MODE = wholemodule;
				VALIDATE_PRODUCT = YES;
			};
			name = Release;
		};
		4D81E0C82B489A8D00314D71 /* Debug */ = {
			isa = XCBuildConfiguration;
			buildSettings = {
				ASSETCATALOG_COMPILER_APPICON_NAME = AppIcon;
				ASSETCATALOG_COMPILER_GLOBAL_ACCENT_COLOR_NAME = AccentColor;
				CODE_SIGN_STYLE = Automatic;
				CURRENT_PROJECT_VERSION = 1;
				DEVELOPMENT_ASSET_PATHS = "\"CreditCardForm/Preview Content\"";
				DEVELOPMENT_TEAM = 56F54J4H3N;
				ENABLE_PREVIEWS = YES;
				GENERATE_INFOPLIST_FILE = YES;
				INFOPLIST_KEY_UIApplicationSceneManifest_Generation = YES;
				INFOPLIST_KEY_UIApplicationSupportsIndirectInputEvents = YES;
				INFOPLIST_KEY_UILaunchScreen_Generation = YES;
				INFOPLIST_KEY_UISupportedInterfaceOrientations_iPad = "UIInterfaceOrientationPortrait UIInterfaceOrientationPortraitUpsideDown UIInterfaceOrientationLandscapeLeft UIInterfaceOrientationLandscapeRight";
				INFOPLIST_KEY_UISupportedInterfaceOrientations_iPhone = "UIInterfaceOrientationPortrait UIInterfaceOrientationLandscapeLeft UIInterfaceOrientationLandscapeRight";
				LD_RUNPATH_SEARCH_PATHS = (
					"$(inherited)",
					"@executable_path/Frameworks",
				);
				MARKETING_VERSION = 1.0;
				PRODUCT_BUNDLE_IDENTIFIER = mobilesoftwareservices.CreditCardForm;
				PRODUCT_NAME = "$(TARGET_NAME)";
				SWIFT_EMIT_LOC_STRINGS = YES;
				SWIFT_VERSION = 5.0;
				TARGETED_DEVICE_FAMILY = "1,2";
			};
			name = Debug;
		};
		4D81E0C92B489A8D00314D71 /* Release */ = {
			isa = XCBuildConfiguration;
			buildSettings = {
				ASSETCATALOG_COMPILER_APPICON_NAME = AppIcon;
				ASSETCATALOG_COMPILER_GLOBAL_ACCENT_COLOR_NAME = AccentColor;
				CODE_SIGN_STYLE = Automatic;
				CURRENT_PROJECT_VERSION = 1;
				DEVELOPMENT_ASSET_PATHS = "\"CreditCardForm/Preview Content\"";
				DEVELOPMENT_TEAM = 56F54J4H3N;
				ENABLE_PREVIEWS = YES;
				GENERATE_INFOPLIST_FILE = YES;
				INFOPLIST_KEY_UIApplicationSceneManifest_Generation = YES;
				INFOPLIST_KEY_UIApplicationSupportsIndirectInputEvents = YES;
				INFOPLIST_KEY_UILaunchScreen_Generation = YES;
				INFOPLIST_KEY_UISupportedInterfaceOrientations_iPad = "UIInterfaceOrientationPortrait UIInterfaceOrientationPortraitUpsideDown UIInterfaceOrientationLandscapeLeft UIInterfaceOrientationLandscapeRight";
				INFOPLIST_KEY_UISupportedInterfaceOrientations_iPhone = "UIInterfaceOrientationPortrait UIInterfaceOrientationLandscapeLeft UIInterfaceOrientationLandscapeRight";
				LD_RUNPATH_SEARCH_PATHS = (
					"$(inherited)",
					"@executable_path/Frameworks",
				);
				MARKETING_VERSION = 1.0;
				PRODUCT_BUNDLE_IDENTIFIER = mobilesoftwareservices.CreditCardForm;
				PRODUCT_NAME = "$(TARGET_NAME)";
				SWIFT_EMIT_LOC_STRINGS = YES;
				SWIFT_VERSION = 5.0;
				TARGETED_DEVICE_FAMILY = "1,2";
			};
			name = Release;
		};
/* End XCBuildConfiguration section */

/* Begin XCConfigurationList section */
		4D81E0B42B489A8900314D71 /* Build configuration list for PBXProject "CreditCardForm" */ = {
			isa = XCConfigurationList;
			buildConfigurations = (
				4D81E0C52B489A8D00314D71 /* Debug */,
				4D81E0C62B489A8D00314D71 /* Release */,
			);
			defaultConfigurationIsVisible = 0;
			defaultConfigurationName = Release;
		};
		4D81E0C72B489A8D00314D71 /* Build configuration list for PBXNativeTarget "CreditCardForm" */ = {
			isa = XCConfigurationList;
			buildConfigurations = (
				4D81E0C82B489A8D00314D71 /* Debug */,
				4D81E0C92B489A8D00314D71 /* Release */,
			);
			defaultConfigurationIsVisible = 0;
			defaultConfigurationName = Release;
		};
/* End XCConfigurationList section */
	};
	rootObject = 4D81E0B12B489A8900314D71 /* Project object */;
}
