// !$*UTF8*$!
{
	archiveVersion = 1;
	classes = {
	};
	objectVersion = 56;
	objects = {

/* Begin PBXBuildFile section */
		4D8507FD2A695E4000F43A7E /* SwiftDataMovieApp.swift in Sources */ = {isa = PBXBuildFile; fileRef = 4D8507FC2A695E4000F43A7E /* SwiftDataMovieApp.swift */; };
		4D8507FF2A695E4000F43A7E /* ContentView.swift in Sources */ = {isa = PBXBuildFile; fileRef = 4D8507FE2A695E4000F43A7E /* ContentView.swift */; };
		4D8508012A695E4300F43A7E /* Assets.xcassets in Resources */ = {isa = PBXBuildFile; fileRef = 4D8508002A695E4300F43A7E /* Assets.xcassets */; };
		4D8508042A695E4300F43A7E /* Preview Assets.xcassets in Resources */ = {isa = PBXBuildFile; fileRef = 4D8508032A695E4300F43A7E /* Preview Assets.xcassets */; };
		4D85080C2A69608700F43A7E /* Movie.swift in Sources */ = {isa = PBXBuildFile; fileRef = 4D85080B2A69608700F43A7E /* Movie.swift */; };
		4D85080F2A6961BB00F43A7E /* AddMovieScreens.swift in Sources */ = {isa = PBXBuildFile; fileRef = 4D85080E2A6961BB00F43A7E /* AddMovieScreens.swift */; };
		4D8508122A6962A800F43A7E /* String+Extensions.swift in Sources */ = {isa = PBXBuildFile; fileRef = 4D8508112A6962A800F43A7E /* String+Extensions.swift */; };
		4D8508142A6969CF00F43A7E /* MovieListScreen.swift in Sources */ = {isa = PBXBuildFile; fileRef = 4D8508132A6969CF00F43A7E /* MovieListScreen.swift */; };
		4D8508172A696F1900F43A7E /* MovieListView.swift in Sources */ = {isa = PBXBuildFile; fileRef = 4D8508162A696F1900F43A7E /* MovieListView.swift */; };
		4D8508192A69752B00F43A7E /* MovieDetailScreen.swift in Sources */ = {isa = PBXBuildFile; fileRef = 4D8508182A69752A00F43A7E /* MovieDetailScreen.swift */; };
/* End PBXBuildFile section */

/* Begin PBXFileReference section */
		4D8507F92A695E4000F43A7E /* SwiftDataMovie.app */ = {isa = PBXFileReference; explicitFileType = wrapper.application; includeInIndex = 0; path = SwiftDataMovie.app; sourceTree = BUILT_PRODUCTS_DIR; };
		4D8507FC2A695E4000F43A7E /* SwiftDataMovieApp.swift */ = {isa = PBXFileReference; lastKnownFileType = sourcecode.swift; path = SwiftDataMovieApp.swift; sourceTree = "<group>"; };
		4D8507FE2A695E4000F43A7E /* ContentView.swift */ = {isa = PBXFileReference; lastKnownFileType = sourcecode.swift; path = ContentView.swift; sourceTree = "<group>"; };
		4D8508002A695E4300F43A7E /* Assets.xcassets */ = {isa = PBXFileReference; lastKnownFileType = folder.assetcatalog; path = Assets.xcassets; sourceTree = "<group>"; };
		4D8508032A695E4300F43A7E /* Preview Assets.xcassets */ = {isa = PBXFileReference; lastKnownFileType = folder.assetcatalog; path = "Preview Assets.xcassets"; sourceTree = "<group>"; };
		4D85080B2A69608700F43A7E /* Movie.swift */ = {isa = PBXFileReference; lastKnownFileType = sourcecode.swift; path = Movie.swift; sourceTree = "<group>"; };
		4D85080E2A6961BB00F43A7E /* AddMovieScreens.swift */ = {isa = PBXFileReference; lastKnownFileType = sourcecode.swift; path = AddMovieScreens.swift; sourceTree = "<group>"; };
		4D8508112A6962A800F43A7E /* String+Extensions.swift */ = {isa = PBXFileReference; lastKnownFileType = sourcecode.swift; path = "String+Extensions.swift"; sourceTree = "<group>"; };
		4D8508132A6969CF00F43A7E /* MovieListScreen.swift */ = {isa = PBXFileReference; lastKnownFileType = sourcecode.swift; path = MovieListScreen.swift; sourceTree = "<group>"; };
		4D8508162A696F1900F43A7E /* MovieListView.swift */ = {isa = PBXFileReference; lastKnownFileType = sourcecode.swift; path = MovieListView.swift; sourceTree = "<group>"; };
		4D8508182A69752A00F43A7E /* MovieDetailScreen.swift */ = {isa = PBXFileReference; lastKnownFileType = sourcecode.swift; path = MovieDetailScreen.swift; sourceTree = "<group>"; };
/* End PBXFileReference section */

/* Begin PBXFrameworksBuildPhase section */
		4D8507F62A695E4000F43A7E /* Frameworks */ = {
			isa = PBXFrameworksBuildPhase;
			buildActionMask = 2147483647;
			files = (
			);
			runOnlyForDeploymentPostprocessing = 0;
		};
/* End PBXFrameworksBuildPhase section */

/* Begin PBXGroup section */
		4D8507F02A695E4000F43A7E = {
			isa = PBXGroup;
			children = (
				4D8507FB2A695E4000F43A7E /* SwiftDataMovie */,
				4D8507FA2A695E4000F43A7E /* Products */,
			);
			sourceTree = "<group>";
		};
		4D8507FA2A695E4000F43A7E /* Products */ = {
			isa = PBXGroup;
			children = (
				4D8507F92A695E4000F43A7E /* SwiftDataMovie.app */,
			);
			name = Products;
			sourceTree = "<group>";
		};
		4D8507FB2A695E4000F43A7E /* SwiftDataMovie */ = {
			isa = PBXGroup;
			children = (
				4D8508152A696F0900F43A7E /* Views */,
				4D8508102A69629200F43A7E /* Extensions */,
				4D85080D2A6961A800F43A7E /* Screens */,
				4D85080A2A69607500F43A7E /* Models */,
				4D8507FC2A695E4000F43A7E /* SwiftDataMovieApp.swift */,
				4D8507FE2A695E4000F43A7E /* ContentView.swift */,
				4D8508002A695E4300F43A7E /* Assets.xcassets */,
				4D8508022A695E4300F43A7E /* Preview Content */,
			);
			path = SwiftDataMovie;
			sourceTree = "<group>";
		};
		4D8508022A695E4300F43A7E /* Preview Content */ = {
			isa = PBXGroup;
			children = (
				4D8508032A695E4300F43A7E /* Preview Assets.xcassets */,
			);
			path = "Preview Content";
			sourceTree = "<group>";
		};
		4D85080A2A69607500F43A7E /* Models */ = {
			isa = PBXGroup;
			children = (
				4D85080B2A69608700F43A7E /* Movie.swift */,
			);
			path = Models;
			sourceTree = "<group>";
		};
		4D85080D2A6961A800F43A7E /* Screens */ = {
			isa = PBXGroup;
			children = (
				4D85080E2A6961BB00F43A7E /* AddMovieScreens.swift */,
				4D8508132A6969CF00F43A7E /* MovieListScreen.swift */,
				4D8508182A69752A00F43A7E /* MovieDetailScreen.swift */,
			);
			path = Screens;
			sourceTree = "<group>";
		};
		4D8508102A69629200F43A7E /* Extensions */ = {
			isa = PBXGroup;
			children = (
				4D8508112A6962A800F43A7E /* String+Extensions.swift */,
			);
			path = Extensions;
			sourceTree = "<group>";
		};
		4D8508152A696F0900F43A7E /* Views */ = {
			isa = PBXGroup;
			children = (
				4D8508162A696F1900F43A7E /* MovieListView.swift */,
			);
			path = Views;
			sourceTree = "<group>";
		};
/* End PBXGroup section */

/* Begin PBXNativeTarget section */
		4D8507F82A695E4000F43A7E /* SwiftDataMovie */ = {
			isa = PBXNativeTarget;
			buildConfigurationList = 4D8508072A695E4300F43A7E /* Build configuration list for PBXNativeTarget "SwiftDataMovie" */;
			buildPhases = (
				4D8507F52A695E4000F43A7E /* Sources */,
				4D8507F62A695E4000F43A7E /* Frameworks */,
				4D8507F72A695E4000F43A7E /* Resources */,
			);
			buildRules = (
			);
			dependencies = (
			);
			name = SwiftDataMovie;
			productName = SwiftDataMovie;
			productReference = 4D8507F92A695E4000F43A7E /* SwiftDataMovie.app */;
			productType = "com.apple.product-type.application";
		};
/* End PBXNativeTarget section */

/* Begin PBXProject section */
		4D8507F12A695E4000F43A7E /* Project object */ = {
			isa = PBXProject;
			attributes = {
				BuildIndependentTargetsInParallel = 1;
				LastSwiftUpdateCheck = 1500;
				LastUpgradeCheck = 1500;
				TargetAttributes = {
					4D8507F82A695E4000F43A7E = {
						CreatedOnToolsVersion = 15.0;
					};
				};
			};
			buildConfigurationList = 4D8507F42A695E4000F43A7E /* Build configuration list for PBXProject "SwiftDataMovie" */;
			compatibilityVersion = "Xcode 14.0";
			developmentRegion = en;
			hasScannedForEncodings = 0;
			knownRegions = (
				en,
				Base,
			);
			mainGroup = 4D8507F02A695E4000F43A7E;
			productRefGroup = 4D8507FA2A695E4000F43A7E /* Products */;
			projectDirPath = "";
			projectRoot = "";
			targets = (
				4D8507F82A695E4000F43A7E /* SwiftDataMovie */,
			);
		};
/* End PBXProject section */

/* Begin PBXResourcesBuildPhase section */
		4D8507F72A695E4000F43A7E /* Resources */ = {
			isa = PBXResourcesBuildPhase;
			buildActionMask = 2147483647;
			files = (
				4D8508042A695E4300F43A7E /* Preview Assets.xcassets in Resources */,
				4D8508012A695E4300F43A7E /* Assets.xcassets in Resources */,
			);
			runOnlyForDeploymentPostprocessing = 0;
		};
/* End PBXResourcesBuildPhase section */

/* Begin PBXSourcesBuildPhase section */
		4D8507F52A695E4000F43A7E /* Sources */ = {
			isa = PBXSourcesBuildPhase;
			buildActionMask = 2147483647;
			files = (
				4D8508122A6962A800F43A7E /* String+Extensions.swift in Sources */,
				4D8508172A696F1900F43A7E /* MovieListView.swift in Sources */,
				4D85080F2A6961BB00F43A7E /* AddMovieScreens.swift in Sources */,
				4D8508142A6969CF00F43A7E /* MovieListScreen.swift in Sources */,
				4D8507FF2A695E4000F43A7E /* ContentView.swift in Sources */,
				4D8508192A69752B00F43A7E /* MovieDetailScreen.swift in Sources */,
				4D8507FD2A695E4000F43A7E /* SwiftDataMovieApp.swift in Sources */,
				4D85080C2A69608700F43A7E /* Movie.swift in Sources */,
			);
			runOnlyForDeploymentPostprocessing = 0;
		};
/* End PBXSourcesBuildPhase section */

/* Begin XCBuildConfiguration section */
		4D8508052A695E4300F43A7E /* Debug */ = {
			isa = XCBuildConfiguration;
			buildSettings = {
				ALWAYS_SEARCH_USER_PATHS = NO;
				ASSETCATALOG_COMPILER_GENERATE_SWIFT_ASSET_SYMBOL_EXTENSIONS = YES;
				CLANG_ANALYZER_NONNULL = YES;
				CLANG_ANALYZER_NUMBER_OBJECT_CONVERSION = YES_AGGRESSIVE;
				CLANG_CXX_LANGUAGE_STANDARD = "gnu++20";
				CLANG_ENABLE_MODULES = YES;
				CLANG_ENABLE_OBJC_ARC = YES;
				CLANG_ENABLE_OBJC_WEAK = YES;
				CLANG_WARN_BLOCK_CAPTURE_AUTORELEASING = YES;
				CLANG_WARN_BOOL_CONVERSION = YES;
				CLANG_WARN_COMMA = YES;
				CLANG_WARN_CONSTANT_CONVERSION = YES;
				CLANG_WARN_DEPRECATED_OBJC_IMPLEMENTATIONS = YES;
				CLANG_WARN_DIRECT_OBJC_ISA_USAGE = YES_ERROR;
				CLANG_WARN_DOCUMENTATION_COMMENTS = YES;
				CLANG_WARN_EMPTY_BODY = YES;
				CLANG_WARN_ENUM_CONVERSION = YES;
				CLANG_WARN_INFINITE_RECURSION = YES;
				CLANG_WARN_INT_CONVERSION = YES;
				CLANG_WARN_NON_LITERAL_NULL_CONVERSION = YES;
				CLANG_WARN_OBJC_IMPLICIT_RETAIN_SELF = YES;
				CLANG_WARN_OBJC_LITERAL_CONVERSION = YES;
				CLANG_WARN_OBJC_ROOT_CLASS = YES_ERROR;
				CLANG_WARN_QUOTED_INCLUDE_IN_FRAMEWORK_HEADER = YES;
				CLANG_WARN_RANGE_LOOP_ANALYSIS = YES;
				CLANG_WARN_STRICT_PROTOTYPES = YES;
				CLANG_WARN_SUSPICIOUS_MOVE = YES;
				CLANG_WARN_UNGUARDED_AVAILABILITY = YES_AGGRESSIVE;
				CLANG_WARN_UNREACHABLE_CODE = YES;
				CLANG_WARN__DUPLICATE_METHOD_MATCH = YES;
				COPY_PHASE_STRIP = NO;
				DEBUG_INFORMATION_FORMAT = dwarf;
				ENABLE_STRICT_OBJC_MSGSEND = YES;
				ENABLE_TESTABILITY = YES;
				ENABLE_USER_SCRIPT_SANDBOXING = YES;
				GCC_C_LANGUAGE_STANDARD = gnu17;
				GCC_DYNAMIC_NO_PIC = NO;
				GCC_NO_COMMON_BLOCKS = YES;
				GCC_OPTIMIZATION_LEVEL = 0;
				GCC_PREPROCESSOR_DEFINITIONS = (
					"DEBUG=1",
					"$(inherited)",
				);
				GCC_WARN_64_TO_32_BIT_CONVERSION = YES;
				GCC_WARN_ABOUT_RETURN_TYPE = YES_ERROR;
				GCC_WARN_UNDECLARED_SELECTOR = YES;
				GCC_WARN_UNINITIALIZED_AUTOS = YES_AGGRESSIVE;
				GCC_WARN_UNUSED_FUNCTION = YES;
				GCC_WARN_UNUSED_VARIABLE = YES;
				IPHONEOS_DEPLOYMENT_TARGET = 17.0;
				LOCALIZATION_PREFERS_STRING_CATALOGS = YES;
				MTL_ENABLE_DEBUG_INFO = INCLUDE_SOURCE;
				MTL_FAST_MATH = YES;
				ONLY_ACTIVE_ARCH = YES;
				SDKROOT = iphoneos;
				SWIFT_ACTIVE_COMPILATION_CONDITIONS = "DEBUG $(inherited)";
				SWIFT_OPTIMIZATION_LEVEL = "-Onone";
			};
			name = Debug;
		};
		4D8508062A695E4300F43A7E /* Release */ = {
			isa = XCBuildConfiguration;
			buildSettings = {
				ALWAYS_SEARCH_USER_PATHS = NO;
				ASSETCATALOG_COMPILER_GENERATE_SWIFT_ASSET_SYMBOL_EXTENSIONS = YES;
				CLANG_ANALYZER_NONNULL = YES;
				CLANG_ANALYZER_NUMBER_OBJECT_CONVERSION = YES_AGGRESSIVE;
				CLANG_CXX_LANGUAGE_STANDARD = "gnu++20";
				CLANG_ENABLE_MODULES = YES;
				CLANG_ENABLE_OBJC_ARC = YES;
				CLANG_ENABLE_OBJC_WEAK = YES;
				CLANG_WARN_BLOCK_CAPTURE_AUTORELEASING = YES;
				CLANG_WARN_BOOL_CONVERSION = YES;
				CLANG_WARN_COMMA = YES;
				CLANG_WARN_CONSTANT_CONVERSION = YES;
				CLANG_WARN_DEPRECATED_OBJC_IMPLEMENTATIONS = YES;
				CLANG_WARN_DIRECT_OBJC_ISA_USAGE = YES_ERROR;
				CLANG_WARN_DOCUMENTATION_COMMENTS = YES;
				CLANG_WARN_EMPTY_BODY = YES;
				CLANG_WARN_ENUM_CONVERSION = YES;
				CLANG_WARN_INFINITE_RECURSION = YES;
				CLANG_WARN_INT_CONVERSION = YES;
				CLANG_WARN_NON_LITERAL_NULL_CONVERSION = YES;
				CLANG_WARN_OBJC_IMPLICIT_RETAIN_SELF = YES;
				CLANG_WARN_OBJC_LITERAL_CONVERSION = YES;
				CLANG_WARN_OBJC_ROOT_CLASS = YES_ERROR;
				CLANG_WARN_QUOTED_INCLUDE_IN_FRAMEWORK_HEADER = YES;
				CLANG_WARN_RANGE_LOOP_ANALYSIS = YES;
				CLANG_WARN_STRICT_PROTOTYPES = YES;
				CLANG_WARN_SUSPICIOUS_MOVE = YES;
				CLANG_WARN_UNGUARDED_AVAILABILITY = YES_AGGRESSIVE;
				CLANG_WARN_UNREACHABLE_CODE = YES;
				CLANG_WARN__DUPLICATE_METHOD_MATCH = YES;
				COPY_PHASE_STRIP = NO;
				DEBUG_INFORMATION_FORMAT = "dwarf-with-dsym";
				ENABLE_NS_ASSERTIONS = NO;
				ENABLE_STRICT_OBJC_MSGSEND = YES;
				ENABLE_USER_SCRIPT_SANDBOXING = YES;
				GCC_C_LANGUAGE_STANDARD = gnu17;
				GCC_NO_COMMON_BLOCKS = YES;
				GCC_WARN_64_TO_32_BIT_CONVERSION = YES;
				GCC_WARN_ABOUT_RETURN_TYPE = YES_ERROR;
				GCC_WARN_UNDECLARED_SELECTOR = YES;
				GCC_WARN_UNINITIALIZED_AUTOS = YES_AGGRESSIVE;
				GCC_WARN_UNUSED_FUNCTION = YES;
				GCC_WARN_UNUSED_VARIABLE = YES;
				IPHONEOS_DEPLOYMENT_TARGET = 17.0;
				LOCALIZATION_PREFERS_STRING_CATALOGS = YES;
				MTL_ENABLE_DEBUG_INFO = NO;
				MTL_FAST_MATH = YES;
				SDKROOT = iphoneos;
				SWIFT_COMPILATION_MODE = wholemodule;
				VALIDATE_PRODUCT = YES;
			};
			name = Release;
		};
		4D8508082A695E4300F43A7E /* Debug */ = {
			isa = XCBuildConfiguration;
			buildSettings = {
				ASSETCATALOG_COMPILER_APPICON_NAME = AppIcon;
				ASSETCATALOG_COMPILER_GLOBAL_ACCENT_COLOR_NAME = AccentColor;
				CODE_SIGN_STYLE = Automatic;
				CURRENT_PROJECT_VERSION = 1;
				DEVELOPMENT_ASSET_PATHS = "\"SwiftDataMovie/Preview Content\"";
				DEVELOPMENT_TEAM = 56F54J4H3N;
				ENABLE_PREVIEWS = YES;
				GENERATE_INFOPLIST_FILE = YES;
				INFOPLIST_KEY_UIApplicationSceneManifest_Generation = YES;
				INFOPLIST_KEY_UIApplicationSupportsIndirectInputEvents = YES;
				INFOPLIST_KEY_UILaunchScreen_Generation = YES;
				INFOPLIST_KEY_UISupportedInterfaceOrientations_iPad = "UIInterfaceOrientationPortrait UIInterfaceOrientationPortraitUpsideDown UIInterfaceOrientationLandscapeLeft UIInterfaceOrientationLandscapeRight";
				INFOPLIST_KEY_UISupportedInterfaceOrientations_iPhone = "UIInterfaceOrientationPortrait UIInterfaceOrientationLandscapeLeft UIInterfaceOrientationLandscapeRight";
				LD_RUNPATH_SEARCH_PATHS = (
					"$(inherited)",
					"@executable_path/Frameworks",
				);
				MARKETING_VERSION = 1.0;
				PRODUCT_BUNDLE_IDENTIFIER = mobilesoftwareservices.SwiftDataMovie;
				PRODUCT_NAME = "$(TARGET_NAME)";
				SWIFT_EMIT_LOC_STRINGS = YES;
				SWIFT_VERSION = 5.0;
				TARGETED_DEVICE_FAMILY = "1,2";
			};
			name = Debug;
		};
		4D8508092A695E4300F43A7E /* Release */ = {
			isa = XCBuildConfiguration;
			buildSettings = {
				ASSETCATALOG_COMPILER_APPICON_NAME = AppIcon;
				ASSETCATALOG_COMPILER_GLOBAL_ACCENT_COLOR_NAME = AccentColor;
				CODE_SIGN_STYLE = Automatic;
				CURRENT_PROJECT_VERSION = 1;
				DEVELOPMENT_ASSET_PATHS = "\"SwiftDataMovie/Preview Content\"";
				DEVELOPMENT_TEAM = 56F54J4H3N;
				ENABLE_PREVIEWS = YES;
				GENERATE_INFOPLIST_FILE = YES;
				INFOPLIST_KEY_UIApplicationSceneManifest_Generation = YES;
				INFOPLIST_KEY_UIApplicationSupportsIndirectInputEvents = YES;
				INFOPLIST_KEY_UILaunchScreen_Generation = YES;
				INFOPLIST_KEY_UISupportedInterfaceOrientations_iPad = "UIInterfaceOrientationPortrait UIInterfaceOrientationPortraitUpsideDown UIInterfaceOrientationLandscapeLeft UIInterfaceOrientationLandscapeRight";
				INFOPLIST_KEY_UISupportedInterfaceOrientations_iPhone = "UIInterfaceOrientationPortrait UIInterfaceOrientationLandscapeLeft UIInterfaceOrientationLandscapeRight";
				LD_RUNPATH_SEARCH_PATHS = (
					"$(inherited)",
					"@executable_path/Frameworks",
				);
				MARKETING_VERSION = 1.0;
				PRODUCT_BUNDLE_IDENTIFIER = mobilesoftwareservices.SwiftDataMovie;
				PRODUCT_NAME = "$(TARGET_NAME)";
				SWIFT_EMIT_LOC_STRINGS = YES;
				SWIFT_VERSION = 5.0;
				TARGETED_DEVICE_FAMILY = "1,2";
			};
			name = Release;
		};
/* End XCBuildConfiguration section */

/* Begin XCConfigurationList section */
		4D8507F42A695E4000F43A7E /* Build configuration list for PBXProject "SwiftDataMovie" */ = {
			isa = XCConfigurationList;
			buildConfigurations = (
				4D8508052A695E4300F43A7E /* Debug */,
				4D8508062A695E4300F43A7E /* Release */,
			);
			defaultConfigurationIsVisible = 0;
			defaultConfigurationName = Release;
		};
		4D8508072A695E4300F43A7E /* Build configuration list for PBXNativeTarget "SwiftDataMovie" */ = {
			isa = XCConfigurationList;
			buildConfigurations = (
				4D8508082A695E4300F43A7E /* Debug */,
				4D8508092A695E4300F43A7E /* Release */,
			);
			defaultConfigurationIsVisible = 0;
			defaultConfigurationName = Release;
		};
/* End XCConfigurationList section */
	};
	rootObject = 4D8507F12A695E4000F43A7E /* Project object */;
}
