// !$*UTF8*$!
{
	archiveVersion = 1;
	classes = {
	};
	objectVersion = 56;
	objects = {

/* Begin PBXBuildFile section */
		4D63B48929C4F8CA008CE0A7 /* JWTTestingApp.swift in Sources */ = {isa = PBXBuildFile; fileRef = 4D63B48829C4F8CA008CE0A7 /* JWTTestingApp.swift */; };
		4D63B48B29C4F8CA008CE0A7 /* ContentView.swift in Sources */ = {isa = PBXBuildFile; fileRef = 4D63B48A29C4F8CA008CE0A7 /* ContentView.swift */; };
		4D63B48D29C4F8D1008CE0A7 /* Assets.xcassets in Resources */ = {isa = PBXBuildFile; fileRef = 4D63B48C29C4F8D1008CE0A7 /* Assets.xcassets */; };
		4D63B49029C4F8D1008CE0A7 /* Preview Assets.xcassets in Resources */ = {isa = PBXBuildFile; fileRef = 4D63B48F29C4F8D1008CE0A7 /* Preview Assets.xcassets */; };
		4D63B49B29C4FA3B008CE0A7 /* View+Extensions.swift in Sources */ = {isa = PBXBuildFile; fileRef = 4D63B49A29C4FA3B008CE0A7 /* View+Extensions.swift */; };
		4D63B49D29C4FA78008CE0A7 /* Account.swift in Sources */ = {isa = PBXBuildFile; fileRef = 4D63B49C29C4FA78008CE0A7 /* Account.swift */; };
		4D63B4A029C4FAE8008CE0A7 /* Webservice.swift in Sources */ = {isa = PBXBuildFile; fileRef = 4D63B49F29C4FAE8008CE0A7 /* Webservice.swift */; };
		4D63B4A229C50143008CE0A7 /* AccountListViewModel.swift in Sources */ = {isa = PBXBuildFile; fileRef = 4D63B4A129C50143008CE0A7 /* AccountListViewModel.swift */; };
		4D63B4A429C5016D008CE0A7 /* LoginViewModel.swift in Sources */ = {isa = PBXBuildFile; fileRef = 4D63B4A329C5016D008CE0A7 /* LoginViewModel.swift */; };
/* End PBXBuildFile section */

/* Begin PBXFileReference section */
		4D63B48529C4F8CA008CE0A7 /* JWTTesting.app */ = {isa = PBXFileReference; explicitFileType = wrapper.application; includeInIndex = 0; path = JWTTesting.app; sourceTree = BUILT_PRODUCTS_DIR; };
		4D63B48829C4F8CA008CE0A7 /* JWTTestingApp.swift */ = {isa = PBXFileReference; lastKnownFileType = sourcecode.swift; path = JWTTestingApp.swift; sourceTree = "<group>"; };
		4D63B48A29C4F8CA008CE0A7 /* ContentView.swift */ = {isa = PBXFileReference; lastKnownFileType = sourcecode.swift; path = ContentView.swift; sourceTree = "<group>"; };
		4D63B48C29C4F8D1008CE0A7 /* Assets.xcassets */ = {isa = PBXFileReference; lastKnownFileType = folder.assetcatalog; path = Assets.xcassets; sourceTree = "<group>"; };
		4D63B48F29C4F8D1008CE0A7 /* Preview Assets.xcassets */ = {isa = PBXFileReference; lastKnownFileType = folder.assetcatalog; path = "Preview Assets.xcassets"; sourceTree = "<group>"; };
		4D63B49A29C4FA3B008CE0A7 /* View+Extensions.swift */ = {isa = PBXFileReference; lastKnownFileType = sourcecode.swift; path = "View+Extensions.swift"; sourceTree = "<group>"; };
		4D63B49C29C4FA78008CE0A7 /* Account.swift */ = {isa = PBXFileReference; lastKnownFileType = sourcecode.swift; path = Account.swift; sourceTree = "<group>"; };
		4D63B49F29C4FAE8008CE0A7 /* Webservice.swift */ = {isa = PBXFileReference; lastKnownFileType = sourcecode.swift; path = Webservice.swift; sourceTree = "<group>"; };
		4D63B4A129C50143008CE0A7 /* AccountListViewModel.swift */ = {isa = PBXFileReference; lastKnownFileType = sourcecode.swift; path = AccountListViewModel.swift; sourceTree = "<group>"; };
		4D63B4A329C5016D008CE0A7 /* LoginViewModel.swift */ = {isa = PBXFileReference; lastKnownFileType = sourcecode.swift; path = LoginViewModel.swift; sourceTree = "<group>"; };
/* End PBXFileReference section */

/* Begin PBXFrameworksBuildPhase section */
		4D63B48229C4F8CA008CE0A7 /* Frameworks */ = {
			isa = PBXFrameworksBuildPhase;
			buildActionMask = 2147483647;
			files = (
			);
			runOnlyForDeploymentPostprocessing = 0;
		};
/* End PBXFrameworksBuildPhase section */

/* Begin PBXGroup section */
		4D63B47C29C4F8CA008CE0A7 = {
			isa = PBXGroup;
			children = (
				4D63B48729C4F8CA008CE0A7 /* JWTTesting */,
				4D63B48629C4F8CA008CE0A7 /* Products */,
			);
			sourceTree = "<group>";
		};
		4D63B48629C4F8CA008CE0A7 /* Products */ = {
			isa = PBXGroup;
			children = (
				4D63B48529C4F8CA008CE0A7 /* JWTTesting.app */,
			);
			name = Products;
			sourceTree = "<group>";
		};
		4D63B48729C4F8CA008CE0A7 /* JWTTesting */ = {
			isa = PBXGroup;
			children = (
				4D63B49929C4F9FA008CE0A7 /* ViewModels */,
				4D63B49829C4F9F0008CE0A7 /* Services */,
				4D63B49729C4F9DF008CE0A7 /* Extensions */,
				4D63B49629C4F9D6008CE0A7 /* Models */,
				4D63B48829C4F8CA008CE0A7 /* JWTTestingApp.swift */,
				4D63B48A29C4F8CA008CE0A7 /* ContentView.swift */,
				4D63B48C29C4F8D1008CE0A7 /* Assets.xcassets */,
				4D63B48E29C4F8D1008CE0A7 /* Preview Content */,
			);
			path = JWTTesting;
			sourceTree = "<group>";
		};
		4D63B48E29C4F8D1008CE0A7 /* Preview Content */ = {
			isa = PBXGroup;
			children = (
				4D63B48F29C4F8D1008CE0A7 /* Preview Assets.xcassets */,
			);
			path = "Preview Content";
			sourceTree = "<group>";
		};
		4D63B49629C4F9D6008CE0A7 /* Models */ = {
			isa = PBXGroup;
			children = (
				4D63B49C29C4FA78008CE0A7 /* Account.swift */,
			);
			path = Models;
			sourceTree = "<group>";
		};
		4D63B49729C4F9DF008CE0A7 /* Extensions */ = {
			isa = PBXGroup;
			children = (
				4D63B49A29C4FA3B008CE0A7 /* View+Extensions.swift */,
			);
			path = Extensions;
			sourceTree = "<group>";
		};
		4D63B49829C4F9F0008CE0A7 /* Services */ = {
			isa = PBXGroup;
			children = (
				4D63B49F29C4FAE8008CE0A7 /* Webservice.swift */,
			);
			path = Services;
			sourceTree = "<group>";
		};
		4D63B49929C4F9FA008CE0A7 /* ViewModels */ = {
			isa = PBXGroup;
			children = (
				4D63B4A129C50143008CE0A7 /* AccountListViewModel.swift */,
				4D63B4A329C5016D008CE0A7 /* LoginViewModel.swift */,
			);
			path = ViewModels;
			sourceTree = "<group>";
		};
/* End PBXGroup section */

/* Begin PBXNativeTarget section */
		4D63B48429C4F8CA008CE0A7 /* JWTTesting */ = {
			isa = PBXNativeTarget;
			buildConfigurationList = 4D63B49329C4F8D1008CE0A7 /* Build configuration list for PBXNativeTarget "JWTTesting" */;
			buildPhases = (
				4D63B48129C4F8CA008CE0A7 /* Sources */,
				4D63B48229C4F8CA008CE0A7 /* Frameworks */,
				4D63B48329C4F8CA008CE0A7 /* Resources */,
			);
			buildRules = (
			);
			dependencies = (
			);
			name = JWTTesting;
			productName = JWTTesting;
			productReference = 4D63B48529C4F8CA008CE0A7 /* JWTTesting.app */;
			productType = "com.apple.product-type.application";
		};
/* End PBXNativeTarget section */

/* Begin PBXProject section */
		4D63B47D29C4F8CA008CE0A7 /* Project object */ = {
			isa = PBXProject;
			attributes = {
				BuildIndependentTargetsInParallel = 1;
				LastSwiftUpdateCheck = 1420;
				LastUpgradeCheck = 1420;
				TargetAttributes = {
					4D63B48429C4F8CA008CE0A7 = {
						CreatedOnToolsVersion = 14.2;
					};
				};
			};
			buildConfigurationList = 4D63B48029C4F8CA008CE0A7 /* Build configuration list for PBXProject "JWTTesting" */;
			compatibilityVersion = "Xcode 14.0";
			developmentRegion = en;
			hasScannedForEncodings = 0;
			knownRegions = (
				en,
				Base,
			);
			mainGroup = 4D63B47C29C4F8CA008CE0A7;
			productRefGroup = 4D63B48629C4F8CA008CE0A7 /* Products */;
			projectDirPath = "";
			projectRoot = "";
			targets = (
				4D63B48429C4F8CA008CE0A7 /* JWTTesting */,
			);
		};
/* End PBXProject section */

/* Begin PBXResourcesBuildPhase section */
		4D63B48329C4F8CA008CE0A7 /* Resources */ = {
			isa = PBXResourcesBuildPhase;
			buildActionMask = 2147483647;
			files = (
				4D63B49029C4F8D1008CE0A7 /* Preview Assets.xcassets in Resources */,
				4D63B48D29C4F8D1008CE0A7 /* Assets.xcassets in Resources */,
			);
			runOnlyForDeploymentPostprocessing = 0;
		};
/* End PBXResourcesBuildPhase section */

/* Begin PBXSourcesBuildPhase section */
		4D63B48129C4F8CA008CE0A7 /* Sources */ = {
			isa = PBXSourcesBuildPhase;
			buildActionMask = 2147483647;
			files = (
				4D63B48B29C4F8CA008CE0A7 /* ContentView.swift in Sources */,
				4D63B49D29C4FA78008CE0A7 /* Account.swift in Sources */,
				4D63B49B29C4FA3B008CE0A7 /* View+Extensions.swift in Sources */,
				4D63B4A029C4FAE8008CE0A7 /* Webservice.swift in Sources */,
				4D63B4A229C50143008CE0A7 /* AccountListViewModel.swift in Sources */,
				4D63B48929C4F8CA008CE0A7 /* JWTTestingApp.swift in Sources */,
				4D63B4A429C5016D008CE0A7 /* LoginViewModel.swift in Sources */,
			);
			runOnlyForDeploymentPostprocessing = 0;
		};
/* End PBXSourcesBuildPhase section */

/* Begin XCBuildConfiguration section */
		4D63B49129C4F8D1008CE0A7 /* Debug */ = {
			isa = XCBuildConfiguration;
			buildSettings = {
				ALWAYS_SEARCH_USER_PATHS = NO;
				CLANG_ANALYZER_NONNULL = YES;
				CLANG_ANALYZER_NUMBER_OBJECT_CONVERSION = YES_AGGRESSIVE;
				CLANG_CXX_LANGUAGE_STANDARD = "gnu++20";
				CLANG_ENABLE_MODULES = YES;
				CLANG_ENABLE_OBJC_ARC = YES;
				CLANG_ENABLE_OBJC_WEAK = YES;
				CLANG_WARN_BLOCK_CAPTURE_AUTORELEASING = YES;
				CLANG_WARN_BOOL_CONVERSION = YES;
				CLANG_WARN_COMMA = YES;
				CLANG_WARN_CONSTANT_CONVERSION = YES;
				CLANG_WARN_DEPRECATED_OBJC_IMPLEMENTATIONS = YES;
				CLANG_WARN_DIRECT_OBJC_ISA_USAGE = YES_ERROR;
				CLANG_WARN_DOCUMENTATION_COMMENTS = YES;
				CLANG_WARN_EMPTY_BODY = YES;
				CLANG_WARN_ENUM_CONVERSION = YES;
				CLANG_WARN_INFINITE_RECURSION = YES;
				CLANG_WARN_INT_CONVERSION = YES;
				CLANG_WARN_NON_LITERAL_NULL_CONVERSION = YES;
				CLANG_WARN_OBJC_IMPLICIT_RETAIN_SELF = YES;
				CLANG_WARN_OBJC_LITERAL_CONVERSION = YES;
				CLANG_WARN_OBJC_ROOT_CLASS = YES_ERROR;
				CLANG_WARN_QUOTED_INCLUDE_IN_FRAMEWORK_HEADER = YES;
				CLANG_WARN_RANGE_LOOP_ANALYSIS = YES;
				CLANG_WARN_STRICT_PROTOTYPES = YES;
				CLANG_WARN_SUSPICIOUS_MOVE = YES;
				CLANG_WARN_UNGUARDED_AVAILABILITY = YES_AGGRESSIVE;
				CLANG_WARN_UNREACHABLE_CODE = YES;
				CLANG_WARN__DUPLICATE_METHOD_MATCH = YES;
				COPY_PHASE_STRIP = NO;
				DEBUG_INFORMATION_FORMAT = dwarf;
				ENABLE_STRICT_OBJC_MSGSEND = YES;
				ENABLE_TESTABILITY = YES;
				GCC_C_LANGUAGE_STANDARD = gnu11;
				GCC_DYNAMIC_NO_PIC = NO;
				GCC_NO_COMMON_BLOCKS = YES;
				GCC_OPTIMIZATION_LEVEL = 0;
				GCC_PREPROCESSOR_DEFINITIONS = (
					"DEBUG=1",
					"$(inherited)",
				);
				GCC_WARN_64_TO_32_BIT_CONVERSION = YES;
				GCC_WARN_ABOUT_RETURN_TYPE = YES_ERROR;
				GCC_WARN_UNDECLARED_SELECTOR = YES;
				GCC_WARN_UNINITIALIZED_AUTOS = YES_AGGRESSIVE;
				GCC_WARN_UNUSED_FUNCTION = YES;
				GCC_WARN_UNUSED_VARIABLE = YES;
				IPHONEOS_DEPLOYMENT_TARGET = 16.2;
				MTL_ENABLE_DEBUG_INFO = INCLUDE_SOURCE;
				MTL_FAST_MATH = YES;
				ONLY_ACTIVE_ARCH = YES;
				SDKROOT = iphoneos;
				SWIFT_ACTIVE_COMPILATION_CONDITIONS = DEBUG;
				SWIFT_OPTIMIZATION_LEVEL = "-Onone";
			};
			name = Debug;
		};
		4D63B49229C4F8D1008CE0A7 /* Release */ = {
			isa = XCBuildConfiguration;
			buildSettings = {
				ALWAYS_SEARCH_USER_PATHS = NO;
				CLANG_ANALYZER_NONNULL = YES;
				CLANG_ANALYZER_NUMBER_OBJECT_CONVERSION = YES_AGGRESSIVE;
				CLANG_CXX_LANGUAGE_STANDARD = "gnu++20";
				CLANG_ENABLE_MODULES = YES;
				CLANG_ENABLE_OBJC_ARC = YES;
				CLANG_ENABLE_OBJC_WEAK = YES;
				CLANG_WARN_BLOCK_CAPTURE_AUTORELEASING = YES;
				CLANG_WARN_BOOL_CONVERSION = YES;
				CLANG_WARN_COMMA = YES;
				CLANG_WARN_CONSTANT_CONVERSION = YES;
				CLANG_WARN_DEPRECATED_OBJC_IMPLEMENTATIONS = YES;
				CLANG_WARN_DIRECT_OBJC_ISA_USAGE = YES_ERROR;
				CLANG_WARN_DOCUMENTATION_COMMENTS = YES;
				CLANG_WARN_EMPTY_BODY = YES;
				CLANG_WARN_ENUM_CONVERSION = YES;
				CLANG_WARN_INFINITE_RECURSION = YES;
				CLANG_WARN_INT_CONVERSION = YES;
				CLANG_WARN_NON_LITERAL_NULL_CONVERSION = YES;
				CLANG_WARN_OBJC_IMPLICIT_RETAIN_SELF = YES;
				CLANG_WARN_OBJC_LITERAL_CONVERSION = YES;
				CLANG_WARN_OBJC_ROOT_CLASS = YES_ERROR;
				CLANG_WARN_QUOTED_INCLUDE_IN_FRAMEWORK_HEADER = YES;
				CLANG_WARN_RANGE_LOOP_ANALYSIS = YES;
				CLANG_WARN_STRICT_PROTOTYPES = YES;
				CLANG_WARN_SUSPICIOUS_MOVE = YES;
				CLANG_WARN_UNGUARDED_AVAILABILITY = YES_AGGRESSIVE;
				CLANG_WARN_UNREACHABLE_CODE = YES;
				CLANG_WARN__DUPLICATE_METHOD_MATCH = YES;
				COPY_PHASE_STRIP = NO;
				DEBUG_INFORMATION_FORMAT = "dwarf-with-dsym";
				ENABLE_NS_ASSERTIONS = NO;
				ENABLE_STRICT_OBJC_MSGSEND = YES;
				GCC_C_LANGUAGE_STANDARD = gnu11;
				GCC_NO_COMMON_BLOCKS = YES;
				GCC_WARN_64_TO_32_BIT_CONVERSION = YES;
				GCC_WARN_ABOUT_RETURN_TYPE = YES_ERROR;
				GCC_WARN_UNDECLARED_SELECTOR = YES;
				GCC_WARN_UNINITIALIZED_AUTOS = YES_AGGRESSIVE;
				GCC_WARN_UNUSED_FUNCTION = YES;
				GCC_WARN_UNUSED_VARIABLE = YES;
				IPHONEOS_DEPLOYMENT_TARGET = 16.2;
				MTL_ENABLE_DEBUG_INFO = NO;
				MTL_FAST_MATH = YES;
				SDKROOT = iphoneos;
				SWIFT_COMPILATION_MODE = wholemodule;
				SWIFT_OPTIMIZATION_LEVEL = "-O";
				VALIDATE_PRODUCT = YES;
			};
			name = Release;
		};
		4D63B49429C4F8D1008CE0A7 /* Debug */ = {
			isa = XCBuildConfiguration;
			buildSettings = {
				ASSETCATALOG_COMPILER_APPICON_NAME = AppIcon;
				ASSETCATALOG_COMPILER_GLOBAL_ACCENT_COLOR_NAME = AccentColor;
				CODE_SIGN_STYLE = Automatic;
				CURRENT_PROJECT_VERSION = 1;
				DEVELOPMENT_ASSET_PATHS = "\"JWTTesting/Preview Content\"";
				DEVELOPMENT_TEAM = 56F54J4H3N;
				ENABLE_PREVIEWS = YES;
				GENERATE_INFOPLIST_FILE = YES;
				INFOPLIST_KEY_UIApplicationSceneManifest_Generation = YES;
				INFOPLIST_KEY_UIApplicationSupportsIndirectInputEvents = YES;
				INFOPLIST_KEY_UILaunchScreen_Generation = YES;
				INFOPLIST_KEY_UISupportedInterfaceOrientations_iPad = "UIInterfaceOrientationPortrait UIInterfaceOrientationPortraitUpsideDown UIInterfaceOrientationLandscapeLeft UIInterfaceOrientationLandscapeRight";
				INFOPLIST_KEY_UISupportedInterfaceOrientations_iPhone = "UIInterfaceOrientationPortrait UIInterfaceOrientationLandscapeLeft UIInterfaceOrientationLandscapeRight";
				LD_RUNPATH_SEARCH_PATHS = (
					"$(inherited)",
					"@executable_path/Frameworks",
				);
				MARKETING_VERSION = 1.0;
				PRODUCT_BUNDLE_IDENTIFIER = mobilesoftwareservices.JWTTesting;
				PRODUCT_NAME = "$(TARGET_NAME)";
				SWIFT_EMIT_LOC_STRINGS = YES;
				SWIFT_VERSION = 5.0;
				TARGETED_DEVICE_FAMILY = "1,2";
			};
			name = Debug;
		};
		4D63B49529C4F8D1008CE0A7 /* Release */ = {
			isa = XCBuildConfiguration;
			buildSettings = {
				ASSETCATALOG_COMPILER_APPICON_NAME = AppIcon;
				ASSETCATALOG_COMPILER_GLOBAL_ACCENT_COLOR_NAME = AccentColor;
				CODE_SIGN_STYLE = Automatic;
				CURRENT_PROJECT_VERSION = 1;
				DEVELOPMENT_ASSET_PATHS = "\"JWTTesting/Preview Content\"";
				DEVELOPMENT_TEAM = 56F54J4H3N;
				ENABLE_PREVIEWS = YES;
				GENERATE_INFOPLIST_FILE = YES;
				INFOPLIST_KEY_UIApplicationSceneManifest_Generation = YES;
				INFOPLIST_KEY_UIApplicationSupportsIndirectInputEvents = YES;
				INFOPLIST_KEY_UILaunchScreen_Generation = YES;
				INFOPLIST_KEY_UISupportedInterfaceOrientations_iPad = "UIInterfaceOrientationPortrait UIInterfaceOrientationPortraitUpsideDown UIInterfaceOrientationLandscapeLeft UIInterfaceOrientationLandscapeRight";
				INFOPLIST_KEY_UISupportedInterfaceOrientations_iPhone = "UIInterfaceOrientationPortrait UIInterfaceOrientationLandscapeLeft UIInterfaceOrientationLandscapeRight";
				LD_RUNPATH_SEARCH_PATHS = (
					"$(inherited)",
					"@executable_path/Frameworks",
				);
				MARKETING_VERSION = 1.0;
				PRODUCT_BUNDLE_IDENTIFIER = mobilesoftwareservices.JWTTesting;
				PRODUCT_NAME = "$(TARGET_NAME)";
				SWIFT_EMIT_LOC_STRINGS = YES;
				SWIFT_VERSION = 5.0;
				TARGETED_DEVICE_FAMILY = "1,2";
			};
			name = Release;
		};
/* End XCBuildConfiguration section */

/* Begin XCConfigurationList section */
		4D63B48029C4F8CA008CE0A7 /* Build configuration list for PBXProject "JWTTesting" */ = {
			isa = XCConfigurationList;
			buildConfigurations = (
				4D63B49129C4F8D1008CE0A7 /* Debug */,
				4D63B49229C4F8D1008CE0A7 /* Release */,
			);
			defaultConfigurationIsVisible = 0;
			defaultConfigurationName = Release;
		};
		4D63B49329C4F8D1008CE0A7 /* Build configuration list for PBXNativeTarget "JWTTesting" */ = {
			isa = XCConfigurationList;
			buildConfigurations = (
				4D63B49429C4F8D1008CE0A7 /* Debug */,
				4D63B49529C4F8D1008CE0A7 /* Release */,
			);
			defaultConfigurationIsVisible = 0;
			defaultConfigurationName = Release;
		};
/* End XCConfigurationList section */
	};
	rootObject = 4D63B47D29C4F8CA008CE0A7 /* Project object */;
}
