// !$*UTF8*$!
{
	archiveVersion = 1;
	classes = {
	};
	objectVersion = 56;
	objects = {

/* Begin PBXBuildFile section */
		4D0DF3752A43596400A3D6D7 /* GroceryDetailScreen.swift in Sources */ = {isa = PBXBuildFile; fileRef = 4D0DF3742A43596400A3D6D7 /* GroceryDetailScreen.swift */; };
		4D0DF3772A435C3700A3D6D7 /* AddGroceryItemScreen.swift in Sources */ = {isa = PBXBuildFile; fileRef = 4D0DF3762A435C3700A3D6D7 /* AddGroceryItemScreen.swift */; };
		4D17F0112A2F812100449E45 /* GroceryAppApp.swift in Sources */ = {isa = PBXBuildFile; fileRef = 4D17F0102A2F812100449E45 /* GroceryAppApp.swift */; };
		4D17F0132A2F812100449E45 /* ContentView.swift in Sources */ = {isa = PBXBuildFile; fileRef = 4D17F0122A2F812100449E45 /* ContentView.swift */; };
		4D17F0152A2F812300449E45 /* Assets.xcassets in Resources */ = {isa = PBXBuildFile; fileRef = 4D17F0142A2F812300449E45 /* Assets.xcassets */; };
		4D17F0182A2F812300449E45 /* Preview Assets.xcassets in Resources */ = {isa = PBXBuildFile; fileRef = 4D17F0172A2F812300449E45 /* Preview Assets.xcassets */; };
		4D206E7B2A3224AF00532B40 /* GroceryModel.swift in Sources */ = {isa = PBXBuildFile; fileRef = 4D206E7A2A3224AF00532B40 /* GroceryModel.swift */; };
		4D206E802A322E5200532B40 /* Constants.swift in Sources */ = {isa = PBXBuildFile; fileRef = 4D206E7F2A322E5200532B40 /* Constants.swift */; };
		4D5F724F2A3A1DAD002B4A5B /* GroceryAppSharedDTO in Frameworks */ = {isa = PBXBuildFile; productRef = 4D5F724E2A3A1DAD002B4A5B /* GroceryAppSharedDTO */; };
		4D68324F2A337AC20000FDE0 /* LoginScreen.swift in Sources */ = {isa = PBXBuildFile; fileRef = 4D68324E2A337AC20000FDE0 /* LoginScreen.swift */; };
		4D6832532A3386C70000FDE0 /* AppState.swift in Sources */ = {isa = PBXBuildFile; fileRef = 4D6832522A3386C70000FDE0 /* AppState.swift */; };
		4D8884792A3CA6F000CC9342 /* UserDefaults+Extensions.swift in Sources */ = {isa = PBXBuildFile; fileRef = 4D8884782A3CA6F000CC9342 /* UserDefaults+Extensions.swift */; };
		4D88847B2A3CB2C300CC9342 /* GroceryCategoryListScreen.swift in Sources */ = {isa = PBXBuildFile; fileRef = 4D88847A2A3CB2C300CC9342 /* GroceryCategoryListScreen.swift */; };
		4D88847D2A3CB3EF00CC9342 /* GroceryCategoryResonseDTO+Extensions.swift in Sources */ = {isa = PBXBuildFile; fileRef = 4D88847C2A3CB3EF00CC9342 /* GroceryCategoryResonseDTO+Extensions.swift */; };
		4DA4505D2A448B6E002CD2C1 /* GroceryItemListView.swift in Sources */ = {isa = PBXBuildFile; fileRef = 4DA4505C2A448B6E002CD2C1 /* GroceryItemListView.swift */; };
		4DA4505F2A448C95002CD2C1 /* GroceryItemResponseDTO+Extensions.swift in Sources */ = {isa = PBXBuildFile; fileRef = 4DA4505E2A448C95002CD2C1 /* GroceryItemResponseDTO+Extensions.swift */; };
		4DC7EC402A30D4AD00B494BD /* RegistrationScreen.swift in Sources */ = {isa = PBXBuildFile; fileRef = 4DC7EC3F2A30D4AD00B494BD /* RegistrationScreen.swift */; };
		4DC7EC432A30D68000B494BD /* String+Extension.swift in Sources */ = {isa = PBXBuildFile; fileRef = 4DC7EC422A30D68000B494BD /* String+Extension.swift */; };
		4DC7EC462A30E58B00B494BD /* HTTPClient.swift in Sources */ = {isa = PBXBuildFile; fileRef = 4DC7EC452A30E58B00B494BD /* HTTPClient.swift */; };
		4DC7EC482A30E77400B494BD /* NetworkError+Extension.swift in Sources */ = {isa = PBXBuildFile; fileRef = 4DC7EC472A30E77400B494BD /* NetworkError+Extension.swift */; };
		4DFF9D2C2A3C8E3F000DCBAE /* AddGroceryCategoryScreen.swift in Sources */ = {isa = PBXBuildFile; fileRef = 4DFF9D2B2A3C8E3F000DCBAE /* AddGroceryCategoryScreen.swift */; };
		4DFF9D2F2A3C8FD4000DCBAE /* ColorSelectorView.swift in Sources */ = {isa = PBXBuildFile; fileRef = 4DFF9D2E2A3C8FD4000DCBAE /* ColorSelectorView.swift */; };
		4DFF9D332A3C9224000DCBAE /* Color+Extensions.swift in Sources */ = {isa = PBXBuildFile; fileRef = 4DFF9D322A3C9224000DCBAE /* Color+Extensions.swift */; };
/* End PBXBuildFile section */

/* Begin PBXFileReference section */
		4D0DF3742A43596400A3D6D7 /* GroceryDetailScreen.swift */ = {isa = PBXFileReference; lastKnownFileType = sourcecode.swift; path = GroceryDetailScreen.swift; sourceTree = "<group>"; };
		4D0DF3762A435C3700A3D6D7 /* AddGroceryItemScreen.swift */ = {isa = PBXFileReference; lastKnownFileType = sourcecode.swift; path = AddGroceryItemScreen.swift; sourceTree = "<group>"; };
		4D17F00D2A2F812100449E45 /* GroceryApp.app */ = {isa = PBXFileReference; explicitFileType = wrapper.application; includeInIndex = 0; path = GroceryApp.app; sourceTree = BUILT_PRODUCTS_DIR; };
		4D17F0102A2F812100449E45 /* GroceryAppApp.swift */ = {isa = PBXFileReference; lastKnownFileType = sourcecode.swift; path = GroceryAppApp.swift; sourceTree = "<group>"; };
		4D17F0122A2F812100449E45 /* ContentView.swift */ = {isa = PBXFileReference; lastKnownFileType = sourcecode.swift; path = ContentView.swift; sourceTree = "<group>"; };
		4D17F0142A2F812300449E45 /* Assets.xcassets */ = {isa = PBXFileReference; lastKnownFileType = folder.assetcatalog; path = Assets.xcassets; sourceTree = "<group>"; };
		4D17F0172A2F812300449E45 /* Preview Assets.xcassets */ = {isa = PBXFileReference; lastKnownFileType = folder.assetcatalog; path = "Preview Assets.xcassets"; sourceTree = "<group>"; };
		4D206E7A2A3224AF00532B40 /* GroceryModel.swift */ = {isa = PBXFileReference; lastKnownFileType = sourcecode.swift; path = GroceryModel.swift; sourceTree = "<group>"; };
		4D206E7F2A322E5200532B40 /* Constants.swift */ = {isa = PBXFileReference; lastKnownFileType = sourcecode.swift; path = Constants.swift; sourceTree = "<group>"; };
		4D68324E2A337AC20000FDE0 /* LoginScreen.swift */ = {isa = PBXFileReference; lastKnownFileType = sourcecode.swift; path = LoginScreen.swift; sourceTree = "<group>"; };
		4D6832522A3386C70000FDE0 /* AppState.swift */ = {isa = PBXFileReference; lastKnownFileType = sourcecode.swift; path = AppState.swift; sourceTree = "<group>"; };
		4D8884782A3CA6F000CC9342 /* UserDefaults+Extensions.swift */ = {isa = PBXFileReference; lastKnownFileType = sourcecode.swift; path = "UserDefaults+Extensions.swift"; sourceTree = "<group>"; };
		4D88847A2A3CB2C300CC9342 /* GroceryCategoryListScreen.swift */ = {isa = PBXFileReference; lastKnownFileType = sourcecode.swift; path = GroceryCategoryListScreen.swift; sourceTree = "<group>"; };
		4D88847C2A3CB3EF00CC9342 /* GroceryCategoryResonseDTO+Extensions.swift */ = {isa = PBXFileReference; lastKnownFileType = sourcecode.swift; path = "GroceryCategoryResonseDTO+Extensions.swift"; sourceTree = "<group>"; };
		4DA4505C2A448B6E002CD2C1 /* GroceryItemListView.swift */ = {isa = PBXFileReference; lastKnownFileType = sourcecode.swift; path = GroceryItemListView.swift; sourceTree = "<group>"; };
		4DA4505E2A448C95002CD2C1 /* GroceryItemResponseDTO+Extensions.swift */ = {isa = PBXFileReference; lastKnownFileType = sourcecode.swift; path = "GroceryItemResponseDTO+Extensions.swift"; sourceTree = "<group>"; };
		4DC7EC3F2A30D4AD00B494BD /* RegistrationScreen.swift */ = {isa = PBXFileReference; lastKnownFileType = sourcecode.swift; path = RegistrationScreen.swift; sourceTree = "<group>"; };
		4DC7EC422A30D68000B494BD /* String+Extension.swift */ = {isa = PBXFileReference; lastKnownFileType = sourcecode.swift; path = "String+Extension.swift"; sourceTree = "<group>"; };
		4DC7EC452A30E58B00B494BD /* HTTPClient.swift */ = {isa = PBXFileReference; lastKnownFileType = sourcecode.swift; path = HTTPClient.swift; sourceTree = "<group>"; };
		4DC7EC472A30E77400B494BD /* NetworkError+Extension.swift */ = {isa = PBXFileReference; lastKnownFileType = sourcecode.swift; path = "NetworkError+Extension.swift"; sourceTree = "<group>"; };
		4DFF9D2B2A3C8E3F000DCBAE /* AddGroceryCategoryScreen.swift */ = {isa = PBXFileReference; lastKnownFileType = sourcecode.swift; path = AddGroceryCategoryScreen.swift; sourceTree = "<group>"; };
		4DFF9D2E2A3C8FD4000DCBAE /* ColorSelectorView.swift */ = {isa = PBXFileReference; lastKnownFileType = sourcecode.swift; path = ColorSelectorView.swift; sourceTree = "<group>"; };
		4DFF9D322A3C9224000DCBAE /* Color+Extensions.swift */ = {isa = PBXFileReference; lastKnownFileType = sourcecode.swift; path = "Color+Extensions.swift"; sourceTree = "<group>"; };
/* End PBXFileReference section */

/* Begin PBXFrameworksBuildPhase section */
		4D17F00A2A2F812100449E45 /* Frameworks */ = {
			isa = PBXFrameworksBuildPhase;
			buildActionMask = 2147483647;
			files = (
				4D5F724F2A3A1DAD002B4A5B /* GroceryAppSharedDTO in Frameworks */,
			);
			runOnlyForDeploymentPostprocessing = 0;
		};
/* End PBXFrameworksBuildPhase section */

/* Begin PBXGroup section */
		4D17F0042A2F812100449E45 = {
			isa = PBXGroup;
			children = (
				4D17F00F2A2F812100449E45 /* GroceryApp */,
				4D17F00E2A2F812100449E45 /* Products */,
			);
			sourceTree = "<group>";
		};
		4D17F00E2A2F812100449E45 /* Products */ = {
			isa = PBXGroup;
			children = (
				4D17F00D2A2F812100449E45 /* GroceryApp.app */,
			);
			name = Products;
			sourceTree = "<group>";
		};
		4D17F00F2A2F812100449E45 /* GroceryApp */ = {
			isa = PBXGroup;
			children = (
				4DFF9D2D2A3C8FA4000DCBAE /* Views */,
				4D206E7E2A322E3B00532B40 /* Utilities */,
				4D206E792A32249900532B40 /* Models */,
				4DC7EC442A30E56E00B494BD /* Clients */,
				4DC7EC412A30D65A00B494BD /* Extensions */,
				4DC7EC3E2A30D49200B494BD /* Screens */,
				4D17F0102A2F812100449E45 /* GroceryAppApp.swift */,
				4D17F0122A2F812100449E45 /* ContentView.swift */,
				4D17F0142A2F812300449E45 /* Assets.xcassets */,
				4D17F0162A2F812300449E45 /* Preview Content */,
			);
			path = GroceryApp;
			sourceTree = "<group>";
		};
		4D17F0162A2F812300449E45 /* Preview Content */ = {
			isa = PBXGroup;
			children = (
				4D17F0172A2F812300449E45 /* Preview Assets.xcassets */,
			);
			path = "Preview Content";
			sourceTree = "<group>";
		};
		4D206E792A32249900532B40 /* Models */ = {
			isa = PBXGroup;
			children = (
				4D206E7A2A3224AF00532B40 /* GroceryModel.swift */,
				4D6832522A3386C70000FDE0 /* AppState.swift */,
			);
			path = Models;
			sourceTree = "<group>";
		};
		4D206E7E2A322E3B00532B40 /* Utilities */ = {
			isa = PBXGroup;
			children = (
				4D206E7F2A322E5200532B40 /* Constants.swift */,
			);
			path = Utilities;
			sourceTree = "<group>";
		};
		4DC7EC3E2A30D49200B494BD /* Screens */ = {
			isa = PBXGroup;
			children = (
				4DC7EC3F2A30D4AD00B494BD /* RegistrationScreen.swift */,
				4D68324E2A337AC20000FDE0 /* LoginScreen.swift */,
				4DFF9D2B2A3C8E3F000DCBAE /* AddGroceryCategoryScreen.swift */,
				4D88847A2A3CB2C300CC9342 /* GroceryCategoryListScreen.swift */,
				4D0DF3742A43596400A3D6D7 /* GroceryDetailScreen.swift */,
				4D0DF3762A435C3700A3D6D7 /* AddGroceryItemScreen.swift */,
			);
			path = Screens;
			sourceTree = "<group>";
		};
		4DC7EC412A30D65A00B494BD /* Extensions */ = {
			isa = PBXGroup;
			children = (
				4DC7EC422A30D68000B494BD /* String+Extension.swift */,
				4DC7EC472A30E77400B494BD /* NetworkError+Extension.swift */,
				4DFF9D322A3C9224000DCBAE /* Color+Extensions.swift */,
				4D8884782A3CA6F000CC9342 /* UserDefaults+Extensions.swift */,
				4D88847C2A3CB3EF00CC9342 /* GroceryCategoryResonseDTO+Extensions.swift */,
				4DA4505E2A448C95002CD2C1 /* GroceryItemResponseDTO+Extensions.swift */,
			);
			path = Extensions;
			sourceTree = "<group>";
		};
		4DC7EC442A30E56E00B494BD /* Clients */ = {
			isa = PBXGroup;
			children = (
				4DC7EC452A30E58B00B494BD /* HTTPClient.swift */,
			);
			path = Clients;
			sourceTree = "<group>";
		};
		4DFF9D2D2A3C8FA4000DCBAE /* Views */ = {
			isa = PBXGroup;
			children = (
				4DFF9D2E2A3C8FD4000DCBAE /* ColorSelectorView.swift */,
				4DA4505C2A448B6E002CD2C1 /* GroceryItemListView.swift */,
			);
			path = Views;
			sourceTree = "<group>";
		};
/* End PBXGroup section */

/* Begin PBXNativeTarget section */
		4D17F00C2A2F812100449E45 /* GroceryApp */ = {
			isa = PBXNativeTarget;
			buildConfigurationList = 4D17F01B2A2F812300449E45 /* Build configuration list for PBXNativeTarget "GroceryApp" */;
			buildPhases = (
				4D17F0092A2F812100449E45 /* Sources */,
				4D17F00A2A2F812100449E45 /* Frameworks */,
				4D17F00B2A2F812100449E45 /* Resources */,
			);
			buildRules = (
			);
			dependencies = (
			);
			name = GroceryApp;
			packageProductDependencies = (
				4D5F724E2A3A1DAD002B4A5B /* GroceryAppSharedDTO */,
			);
			productName = GroceryApp;
			productReference = 4D17F00D2A2F812100449E45 /* GroceryApp.app */;
			productType = "com.apple.product-type.application";
		};
/* End PBXNativeTarget section */

/* Begin PBXProject section */
		4D17F0052A2F812100449E45 /* Project object */ = {
			isa = PBXProject;
			attributes = {
				BuildIndependentTargetsInParallel = 1;
				LastSwiftUpdateCheck = 1430;
				LastUpgradeCheck = 1430;
				TargetAttributes = {
					4D17F00C2A2F812100449E45 = {
						CreatedOnToolsVersion = 14.3.1;
					};
				};
			};
			buildConfigurationList = 4D17F0082A2F812100449E45 /* Build configuration list for PBXProject "GroceryApp" */;
			compatibilityVersion = "Xcode 14.0";
			developmentRegion = en;
			hasScannedForEncodings = 0;
			knownRegions = (
				en,
				Base,
			);
			mainGroup = 4D17F0042A2F812100449E45;
			packageReferences = (
				4D5F724D2A3A1DAD002B4A5B /* XCRemoteSwiftPackageReference "GroceryAppSharedDTO" */,
			);
			productRefGroup = 4D17F00E2A2F812100449E45 /* Products */;
			projectDirPath = "";
			projectRoot = "";
			targets = (
				4D17F00C2A2F812100449E45 /* GroceryApp */,
			);
		};
/* End PBXProject section */

/* Begin PBXResourcesBuildPhase section */
		4D17F00B2A2F812100449E45 /* Resources */ = {
			isa = PBXResourcesBuildPhase;
			buildActionMask = 2147483647;
			files = (
				4D17F0182A2F812300449E45 /* Preview Assets.xcassets in Resources */,
				4D17F0152A2F812300449E45 /* Assets.xcassets in Resources */,
			);
			runOnlyForDeploymentPostprocessing = 0;
		};
/* End PBXResourcesBuildPhase section */

/* Begin PBXSourcesBuildPhase section */
		4D17F0092A2F812100449E45 /* Sources */ = {
			isa = PBXSourcesBuildPhase;
			buildActionMask = 2147483647;
			files = (
				4D0DF3772A435C3700A3D6D7 /* AddGroceryItemScreen.swift in Sources */,
				4DC7EC432A30D68000B494BD /* String+Extension.swift in Sources */,
				4D6832532A3386C70000FDE0 /* AppState.swift in Sources */,
				4D88847B2A3CB2C300CC9342 /* GroceryCategoryListScreen.swift in Sources */,
				4D206E7B2A3224AF00532B40 /* GroceryModel.swift in Sources */,
				4DC7EC462A30E58B00B494BD /* HTTPClient.swift in Sources */,
				4D8884792A3CA6F000CC9342 /* UserDefaults+Extensions.swift in Sources */,
				4DA4505D2A448B6E002CD2C1 /* GroceryItemListView.swift in Sources */,
				4DC7EC402A30D4AD00B494BD /* RegistrationScreen.swift in Sources */,
				4DFF9D2C2A3C8E3F000DCBAE /* AddGroceryCategoryScreen.swift in Sources */,
				4D17F0132A2F812100449E45 /* ContentView.swift in Sources */,
				4DFF9D332A3C9224000DCBAE /* Color+Extensions.swift in Sources */,
				4D17F0112A2F812100449E45 /* GroceryAppApp.swift in Sources */,
				4DC7EC482A30E77400B494BD /* NetworkError+Extension.swift in Sources */,
				4DFF9D2F2A3C8FD4000DCBAE /* ColorSelectorView.swift in Sources */,
				4D206E802A322E5200532B40 /* Constants.swift in Sources */,
				4D68324F2A337AC20000FDE0 /* LoginScreen.swift in Sources */,
				4DA4505F2A448C95002CD2C1 /* GroceryItemResponseDTO+Extensions.swift in Sources */,
				4D88847D2A3CB3EF00CC9342 /* GroceryCategoryResonseDTO+Extensions.swift in Sources */,
				4D0DF3752A43596400A3D6D7 /* GroceryDetailScreen.swift in Sources */,
			);
			runOnlyForDeploymentPostprocessing = 0;
		};
/* End PBXSourcesBuildPhase section */

/* Begin XCBuildConfiguration section */
		4D17F0192A2F812300449E45 /* Debug */ = {
			isa = XCBuildConfiguration;
			buildSettings = {
				ALWAYS_SEARCH_USER_PATHS = NO;
				CLANG_ANALYZER_NONNULL = YES;
				CLANG_ANALYZER_NUMBER_OBJECT_CONVERSION = YES_AGGRESSIVE;
				CLANG_CXX_LANGUAGE_STANDARD = "gnu++20";
				CLANG_ENABLE_MODULES = YES;
				CLANG_ENABLE_OBJC_ARC = YES;
				CLANG_ENABLE_OBJC_WEAK = YES;
				CLANG_WARN_BLOCK_CAPTURE_AUTORELEASING = YES;
				CLANG_WARN_BOOL_CONVERSION = YES;
				CLANG_WARN_COMMA = YES;
				CLANG_WARN_CONSTANT_CONVERSION = YES;
				CLANG_WARN_DEPRECATED_OBJC_IMPLEMENTATIONS = YES;
				CLANG_WARN_DIRECT_OBJC_ISA_USAGE = YES_ERROR;
				CLANG_WARN_DOCUMENTATION_COMMENTS = YES;
				CLANG_WARN_EMPTY_BODY = YES;
				CLANG_WARN_ENUM_CONVERSION = YES;
				CLANG_WARN_INFINITE_RECURSION = YES;
				CLANG_WARN_INT_CONVERSION = YES;
				CLANG_WARN_NON_LITERAL_NULL_CONVERSION = YES;
				CLANG_WARN_OBJC_IMPLICIT_RETAIN_SELF = YES;
				CLANG_WARN_OBJC_LITERAL_CONVERSION = YES;
				CLANG_WARN_OBJC_ROOT_CLASS = YES_ERROR;
				CLANG_WARN_QUOTED_INCLUDE_IN_FRAMEWORK_HEADER = YES;
				CLANG_WARN_RANGE_LOOP_ANALYSIS = YES;
				CLANG_WARN_STRICT_PROTOTYPES = YES;
				CLANG_WARN_SUSPICIOUS_MOVE = YES;
				CLANG_WARN_UNGUARDED_AVAILABILITY = YES_AGGRESSIVE;
				CLANG_WARN_UNREACHABLE_CODE = YES;
				CLANG_WARN__DUPLICATE_METHOD_MATCH = YES;
				COPY_PHASE_STRIP = NO;
				DEBUG_INFORMATION_FORMAT = dwarf;
				ENABLE_STRICT_OBJC_MSGSEND = YES;
				ENABLE_TESTABILITY = YES;
				GCC_C_LANGUAGE_STANDARD = gnu11;
				GCC_DYNAMIC_NO_PIC = NO;
				GCC_NO_COMMON_BLOCKS = YES;
				GCC_OPTIMIZATION_LEVEL = 0;
				GCC_PREPROCESSOR_DEFINITIONS = (
					"DEBUG=1",
					"$(inherited)",
				);
				GCC_WARN_64_TO_32_BIT_CONVERSION = YES;
				GCC_WARN_ABOUT_RETURN_TYPE = YES_ERROR;
				GCC_WARN_UNDECLARED_SELECTOR = YES;
				GCC_WARN_UNINITIALIZED_AUTOS = YES_AGGRESSIVE;
				GCC_WARN_UNUSED_FUNCTION = YES;
				GCC_WARN_UNUSED_VARIABLE = YES;
				IPHONEOS_DEPLOYMENT_TARGET = 16.4;
				MTL_ENABLE_DEBUG_INFO = INCLUDE_SOURCE;
				MTL_FAST_MATH = YES;
				ONLY_ACTIVE_ARCH = YES;
				SDKROOT = iphoneos;
				SWIFT_ACTIVE_COMPILATION_CONDITIONS = DEBUG;
				SWIFT_OPTIMIZATION_LEVEL = "-Onone";
			};
			name = Debug;
		};
		4D17F01A2A2F812300449E45 /* Release */ = {
			isa = XCBuildConfiguration;
			buildSettings = {
				ALWAYS_SEARCH_USER_PATHS = NO;
				CLANG_ANALYZER_NONNULL = YES;
				CLANG_ANALYZER_NUMBER_OBJECT_CONVERSION = YES_AGGRESSIVE;
				CLANG_CXX_LANGUAGE_STANDARD = "gnu++20";
				CLANG_ENABLE_MODULES = YES;
				CLANG_ENABLE_OBJC_ARC = YES;
				CLANG_ENABLE_OBJC_WEAK = YES;
				CLANG_WARN_BLOCK_CAPTURE_AUTORELEASING = YES;
				CLANG_WARN_BOOL_CONVERSION = YES;
				CLANG_WARN_COMMA = YES;
				CLANG_WARN_CONSTANT_CONVERSION = YES;
				CLANG_WARN_DEPRECATED_OBJC_IMPLEMENTATIONS = YES;
				CLANG_WARN_DIRECT_OBJC_ISA_USAGE = YES_ERROR;
				CLANG_WARN_DOCUMENTATION_COMMENTS = YES;
				CLANG_WARN_EMPTY_BODY = YES;
				CLANG_WARN_ENUM_CONVERSION = YES;
				CLANG_WARN_INFINITE_RECURSION = YES;
				CLANG_WARN_INT_CONVERSION = YES;
				CLANG_WARN_NON_LITERAL_NULL_CONVERSION = YES;
				CLANG_WARN_OBJC_IMPLICIT_RETAIN_SELF = YES;
				CLANG_WARN_OBJC_LITERAL_CONVERSION = YES;
				CLANG_WARN_OBJC_ROOT_CLASS = YES_ERROR;
				CLANG_WARN_QUOTED_INCLUDE_IN_FRAMEWORK_HEADER = YES;
				CLANG_WARN_RANGE_LOOP_ANALYSIS = YES;
				CLANG_WARN_STRICT_PROTOTYPES = YES;
				CLANG_WARN_SUSPICIOUS_MOVE = YES;
				CLANG_WARN_UNGUARDED_AVAILABILITY = YES_AGGRESSIVE;
				CLANG_WARN_UNREACHABLE_CODE = YES;
				CLANG_WARN__DUPLICATE_METHOD_MATCH = YES;
				COPY_PHASE_STRIP = NO;
				DEBUG_INFORMATION_FORMAT = "dwarf-with-dsym";
				ENABLE_NS_ASSERTIONS = NO;
				ENABLE_STRICT_OBJC_MSGSEND = YES;
				GCC_C_LANGUAGE_STANDARD = gnu11;
				GCC_NO_COMMON_BLOCKS = YES;
				GCC_WARN_64_TO_32_BIT_CONVERSION = YES;
				GCC_WARN_ABOUT_RETURN_TYPE = YES_ERROR;
				GCC_WARN_UNDECLARED_SELECTOR = YES;
				GCC_WARN_UNINITIALIZED_AUTOS = YES_AGGRESSIVE;
				GCC_WARN_UNUSED_FUNCTION = YES;
				GCC_WARN_UNUSED_VARIABLE = YES;
				IPHONEOS_DEPLOYMENT_TARGET = 16.4;
				MTL_ENABLE_DEBUG_INFO = NO;
				MTL_FAST_MATH = YES;
				SDKROOT = iphoneos;
				SWIFT_COMPILATION_MODE = wholemodule;
				SWIFT_OPTIMIZATION_LEVEL = "-O";
				VALIDATE_PRODUCT = YES;
			};
			name = Release;
		};
		4D17F01C2A2F812300449E45 /* Debug */ = {
			isa = XCBuildConfiguration;
			buildSettings = {
				ASSETCATALOG_COMPILER_APPICON_NAME = AppIcon;
				ASSETCATALOG_COMPILER_GLOBAL_ACCENT_COLOR_NAME = AccentColor;
				CODE_SIGN_STYLE = Automatic;
				CURRENT_PROJECT_VERSION = 1;
				DEVELOPMENT_ASSET_PATHS = "\"GroceryApp/Preview Content\"";
				DEVELOPMENT_TEAM = 56F54J4H3N;
				ENABLE_PREVIEWS = YES;
				GENERATE_INFOPLIST_FILE = YES;
				INFOPLIST_KEY_UIApplicationSceneManifest_Generation = YES;
				INFOPLIST_KEY_UIApplicationSupportsIndirectInputEvents = YES;
				INFOPLIST_KEY_UILaunchScreen_Generation = YES;
				INFOPLIST_KEY_UISupportedInterfaceOrientations_iPad = "UIInterfaceOrientationPortrait UIInterfaceOrientationPortraitUpsideDown UIInterfaceOrientationLandscapeLeft UIInterfaceOrientationLandscapeRight";
				INFOPLIST_KEY_UISupportedInterfaceOrientations_iPhone = "UIInterfaceOrientationPortrait UIInterfaceOrientationLandscapeLeft UIInterfaceOrientationLandscapeRight";
				LD_RUNPATH_SEARCH_PATHS = (
					"$(inherited)",
					"@executable_path/Frameworks",
				);
				MARKETING_VERSION = 1.0;
				PRODUCT_BUNDLE_IDENTIFIER = mobilesoftwareservices.GroceryApp;
				PRODUCT_NAME = "$(TARGET_NAME)";
				SWIFT_EMIT_LOC_STRINGS = YES;
				SWIFT_VERSION = 5.0;
				TARGETED_DEVICE_FAMILY = "1,2";
			};
			name = Debug;
		};
		4D17F01D2A2F812300449E45 /* Release */ = {
			isa = XCBuildConfiguration;
			buildSettings = {
				ASSETCATALOG_COMPILER_APPICON_NAME = AppIcon;
				ASSETCATALOG_COMPILER_GLOBAL_ACCENT_COLOR_NAME = AccentColor;
				CODE_SIGN_STYLE = Automatic;
				CURRENT_PROJECT_VERSION = 1;
				DEVELOPMENT_ASSET_PATHS = "\"GroceryApp/Preview Content\"";
				DEVELOPMENT_TEAM = 56F54J4H3N;
				ENABLE_PREVIEWS = YES;
				GENERATE_INFOPLIST_FILE = YES;
				INFOPLIST_KEY_UIApplicationSceneManifest_Generation = YES;
				INFOPLIST_KEY_UIApplicationSupportsIndirectInputEvents = YES;
				INFOPLIST_KEY_UILaunchScreen_Generation = YES;
				INFOPLIST_KEY_UISupportedInterfaceOrientations_iPad = "UIInterfaceOrientationPortrait UIInterfaceOrientationPortraitUpsideDown UIInterfaceOrientationLandscapeLeft UIInterfaceOrientationLandscapeRight";
				INFOPLIST_KEY_UISupportedInterfaceOrientations_iPhone = "UIInterfaceOrientationPortrait UIInterfaceOrientationLandscapeLeft UIInterfaceOrientationLandscapeRight";
				LD_RUNPATH_SEARCH_PATHS = (
					"$(inherited)",
					"@executable_path/Frameworks",
				);
				MARKETING_VERSION = 1.0;
				PRODUCT_BUNDLE_IDENTIFIER = mobilesoftwareservices.GroceryApp;
				PRODUCT_NAME = "$(TARGET_NAME)";
				SWIFT_EMIT_LOC_STRINGS = YES;
				SWIFT_VERSION = 5.0;
				TARGETED_DEVICE_FAMILY = "1,2";
			};
			name = Release;
		};
/* End XCBuildConfiguration section */

/* Begin XCConfigurationList section */
		4D17F0082A2F812100449E45 /* Build configuration list for PBXProject "GroceryApp" */ = {
			isa = XCConfigurationList;
			buildConfigurations = (
				4D17F0192A2F812300449E45 /* Debug */,
				4D17F01A2A2F812300449E45 /* Release */,
			);
			defaultConfigurationIsVisible = 0;
			defaultConfigurationName = Release;
		};
		4D17F01B2A2F812300449E45 /* Build configuration list for PBXNativeTarget "GroceryApp" */ = {
			isa = XCConfigurationList;
			buildConfigurations = (
				4D17F01C2A2F812300449E45 /* Debug */,
				4D17F01D2A2F812300449E45 /* Release */,
			);
			defaultConfigurationIsVisible = 0;
			defaultConfigurationName = Release;
		};
/* End XCConfigurationList section */

/* Begin XCRemoteSwiftPackageReference section */
		4D5F724D2A3A1DAD002B4A5B /* XCRemoteSwiftPackageReference "GroceryAppSharedDTO" */ = {
			isa = XCRemoteSwiftPackageReference;
			repositoryURL = "https://github.com/thomas-e-cowern/GroceryAppSharedDTO.git";
			requirement = {
				branch = main;
				kind = branch;
			};
		};
/* End XCRemoteSwiftPackageReference section */

/* Begin XCSwiftPackageProductDependency section */
		4D5F724E2A3A1DAD002B4A5B /* GroceryAppSharedDTO */ = {
			isa = XCSwiftPackageProductDependency;
			package = 4D5F724D2A3A1DAD002B4A5B /* XCRemoteSwiftPackageReference "GroceryAppSharedDTO" */;
			productName = GroceryAppSharedDTO;
		};
/* End XCSwiftPackageProductDependency section */
	};
	rootObject = 4D17F0052A2F812100449E45 /* Project object */;
}
