// !$*UTF8*$!
{
	archiveVersion = 1;
	classes = {
	};
	objectVersion = 56;
	objects = {

/* Begin PBXBuildFile section */
		4D0525472AE7074300B42802 /* CustomTabBarApp.swift in Sources */ = {isa = PBXBuildFile; fileRef = 4D0525462AE7074300B42802 /* CustomTabBarApp.swift */; };
		4D0525492AE7074300B42802 /* ContentView.swift in Sources */ = {isa = PBXBuildFile; fileRef = 4D0525482AE7074300B42802 /* ContentView.swift */; };
		4D05254B2AE7074400B42802 /* Assets.xcassets in Resources */ = {isa = PBXBuildFile; fileRef = 4D05254A2AE7074400B42802 /* Assets.xcassets */; };
		4D05254E2AE7074400B42802 /* Preview Assets.xcassets in Resources */ = {isa = PBXBuildFile; fileRef = 4D05254D2AE7074400B42802 /* Preview Assets.xcassets */; };
		4DA7166D2AED1DCF00B771C5 /* CustomTabView2.swift in Sources */ = {isa = PBXBuildFile; fileRef = 4DA7166C2AED1DCF00B771C5 /* CustomTabView2.swift */; };
		4DE9E1342AE9AEA600BEFF94 /* TabBarModel.swift in Sources */ = {isa = PBXBuildFile; fileRef = 4DE9E1332AE9AEA600BEFF94 /* TabBarModel.swift */; };
		4DE9E1362AEAB7AD00BEFF94 /* CustomTabView.swift in Sources */ = {isa = PBXBuildFile; fileRef = 4DE9E1352AEAB7AD00BEFF94 /* CustomTabView.swift */; };
		4DE9E1382AEAB81000BEFF94 /* View1.swift in Sources */ = {isa = PBXBuildFile; fileRef = 4DE9E1372AEAB81000BEFF94 /* View1.swift */; };
		4DE9E13A2AEAB82200BEFF94 /* View2.swift in Sources */ = {isa = PBXBuildFile; fileRef = 4DE9E1392AEAB82200BEFF94 /* View2.swift */; };
		4DE9E13C2AEAB88600BEFF94 /* HomeView.swift in Sources */ = {isa = PBXBuildFile; fileRef = 4DE9E13B2AEAB88600BEFF94 /* HomeView.swift */; };
		4DE9E13E2AEABC2300BEFF94 /* CustomTabBar.swift in Sources */ = {isa = PBXBuildFile; fileRef = 4DE9E13D2AEABC2300BEFF94 /* CustomTabBar.swift */; };
		4DE9E1402AEABCF300BEFF94 /* Fonts.swift in Sources */ = {isa = PBXBuildFile; fileRef = 4DE9E13F2AEABCF300BEFF94 /* Fonts.swift */; };
		4DE9E1442AEC0AE200BEFF94 /* CustomTabBarButton.swift in Sources */ = {isa = PBXBuildFile; fileRef = 4DE9E1432AEC0AE200BEFF94 /* CustomTabBarButton.swift */; };
/* End PBXBuildFile section */

/* Begin PBXFileReference section */
		4D0525432AE7074300B42802 /* CustomTabBar.app */ = {isa = PBXFileReference; explicitFileType = wrapper.application; includeInIndex = 0; path = CustomTabBar.app; sourceTree = BUILT_PRODUCTS_DIR; };
		4D0525462AE7074300B42802 /* CustomTabBarApp.swift */ = {isa = PBXFileReference; lastKnownFileType = sourcecode.swift; path = CustomTabBarApp.swift; sourceTree = "<group>"; };
		4D0525482AE7074300B42802 /* ContentView.swift */ = {isa = PBXFileReference; lastKnownFileType = sourcecode.swift; path = ContentView.swift; sourceTree = "<group>"; };
		4D05254A2AE7074400B42802 /* Assets.xcassets */ = {isa = PBXFileReference; lastKnownFileType = folder.assetcatalog; path = Assets.xcassets; sourceTree = "<group>"; };
		4D05254D2AE7074400B42802 /* Preview Assets.xcassets */ = {isa = PBXFileReference; lastKnownFileType = folder.assetcatalog; path = "Preview Assets.xcassets"; sourceTree = "<group>"; };
		4DA7166C2AED1DCF00B771C5 /* CustomTabView2.swift */ = {isa = PBXFileReference; lastKnownFileType = sourcecode.swift; path = CustomTabView2.swift; sourceTree = "<group>"; };
		4DE9E1332AE9AEA600BEFF94 /* TabBarModel.swift */ = {isa = PBXFileReference; lastKnownFileType = sourcecode.swift; path = TabBarModel.swift; sourceTree = "<group>"; };
		4DE9E1352AEAB7AD00BEFF94 /* CustomTabView.swift */ = {isa = PBXFileReference; lastKnownFileType = sourcecode.swift; path = CustomTabView.swift; sourceTree = "<group>"; };
		4DE9E1372AEAB81000BEFF94 /* View1.swift */ = {isa = PBXFileReference; lastKnownFileType = sourcecode.swift; path = View1.swift; sourceTree = "<group>"; };
		4DE9E1392AEAB82200BEFF94 /* View2.swift */ = {isa = PBXFileReference; lastKnownFileType = sourcecode.swift; path = View2.swift; sourceTree = "<group>"; };
		4DE9E13B2AEAB88600BEFF94 /* HomeView.swift */ = {isa = PBXFileReference; lastKnownFileType = sourcecode.swift; path = HomeView.swift; sourceTree = "<group>"; };
		4DE9E13D2AEABC2300BEFF94 /* CustomTabBar.swift */ = {isa = PBXFileReference; lastKnownFileType = sourcecode.swift; path = CustomTabBar.swift; sourceTree = "<group>"; };
		4DE9E13F2AEABCF300BEFF94 /* Fonts.swift */ = {isa = PBXFileReference; lastKnownFileType = sourcecode.swift; path = Fonts.swift; sourceTree = "<group>"; };
		4DE9E1432AEC0AE200BEFF94 /* CustomTabBarButton.swift */ = {isa = PBXFileReference; lastKnownFileType = sourcecode.swift; path = CustomTabBarButton.swift; sourceTree = "<group>"; };
/* End PBXFileReference section */

/* Begin PBXFrameworksBuildPhase section */
		4D0525402AE7074300B42802 /* Frameworks */ = {
			isa = PBXFrameworksBuildPhase;
			buildActionMask = 2147483647;
			files = (
			);
			runOnlyForDeploymentPostprocessing = 0;
		};
/* End PBXFrameworksBuildPhase section */

/* Begin PBXGroup section */
		4D05253A2AE7074300B42802 = {
			isa = PBXGroup;
			children = (
				4D0525452AE7074300B42802 /* CustomTabBar */,
				4D0525442AE7074300B42802 /* Products */,
			);
			sourceTree = "<group>";
		};
		4D0525442AE7074300B42802 /* Products */ = {
			isa = PBXGroup;
			children = (
				4D0525432AE7074300B42802 /* CustomTabBar.app */,
			);
			name = Products;
			sourceTree = "<group>";
		};
		4D0525452AE7074300B42802 /* CustomTabBar */ = {
			isa = PBXGroup;
			children = (
				4DE9E13F2AEABCF300BEFF94 /* Fonts.swift */,
				4DE9E13B2AEAB88600BEFF94 /* HomeView.swift */,
				4DE9E1372AEAB81000BEFF94 /* View1.swift */,
				4DE9E1392AEAB82200BEFF94 /* View2.swift */,
				4DE9E1352AEAB7AD00BEFF94 /* CustomTabView.swift */,
				4D0525462AE7074300B42802 /* CustomTabBarApp.swift */,
				4D0525482AE7074300B42802 /* ContentView.swift */,
				4D05254A2AE7074400B42802 /* Assets.xcassets */,
				4D05254C2AE7074400B42802 /* Preview Content */,
				4DE9E1332AE9AEA600BEFF94 /* TabBarModel.swift */,
				4DE9E13D2AEABC2300BEFF94 /* CustomTabBar.swift */,
				4DE9E1432AEC0AE200BEFF94 /* CustomTabBarButton.swift */,
				4DA7166C2AED1DCF00B771C5 /* CustomTabView2.swift */,
			);
			path = CustomTabBar;
			sourceTree = "<group>";
		};
		4D05254C2AE7074400B42802 /* Preview Content */ = {
			isa = PBXGroup;
			children = (
				4D05254D2AE7074400B42802 /* Preview Assets.xcassets */,
			);
			path = "Preview Content";
			sourceTree = "<group>";
		};
/* End PBXGroup section */

/* Begin PBXNativeTarget section */
		4D0525422AE7074300B42802 /* CustomTabBar */ = {
			isa = PBXNativeTarget;
			buildConfigurationList = 4D0525512AE7074400B42802 /* Build configuration list for PBXNativeTarget "CustomTabBar" */;
			buildPhases = (
				4D05253F2AE7074300B42802 /* Sources */,
				4D0525402AE7074300B42802 /* Frameworks */,
				4D0525412AE7074300B42802 /* Resources */,
			);
			buildRules = (
			);
			dependencies = (
			);
			name = CustomTabBar;
			productName = CustomTabBar;
			productReference = 4D0525432AE7074300B42802 /* CustomTabBar.app */;
			productType = "com.apple.product-type.application";
		};
/* End PBXNativeTarget section */

/* Begin PBXProject section */
		4D05253B2AE7074300B42802 /* Project object */ = {
			isa = PBXProject;
			attributes = {
				BuildIndependentTargetsInParallel = 1;
				LastSwiftUpdateCheck = 1500;
				LastUpgradeCheck = 1500;
				TargetAttributes = {
					4D0525422AE7074300B42802 = {
						CreatedOnToolsVersion = 15.0.1;
					};
				};
			};
			buildConfigurationList = 4D05253E2AE7074300B42802 /* Build configuration list for PBXProject "CustomTabBar" */;
			compatibilityVersion = "Xcode 14.0";
			developmentRegion = en;
			hasScannedForEncodings = 0;
			knownRegions = (
				en,
				Base,
			);
			mainGroup = 4D05253A2AE7074300B42802;
			productRefGroup = 4D0525442AE7074300B42802 /* Products */;
			projectDirPath = "";
			projectRoot = "";
			targets = (
				4D0525422AE7074300B42802 /* CustomTabBar */,
			);
		};
/* End PBXProject section */

/* Begin PBXResourcesBuildPhase section */
		4D0525412AE7074300B42802 /* Resources */ = {
			isa = PBXResourcesBuildPhase;
			buildActionMask = 2147483647;
			files = (
				4D05254E2AE7074400B42802 /* Preview Assets.xcassets in Resources */,
				4D05254B2AE7074400B42802 /* Assets.xcassets in Resources */,
			);
			runOnlyForDeploymentPostprocessing = 0;
		};
/* End PBXResourcesBuildPhase section */

/* Begin PBXSourcesBuildPhase section */
		4D05253F2AE7074300B42802 /* Sources */ = {
			isa = PBXSourcesBuildPhase;
			buildActionMask = 2147483647;
			files = (
				4DE9E1442AEC0AE200BEFF94 /* CustomTabBarButton.swift in Sources */,
				4DE9E1342AE9AEA600BEFF94 /* TabBarModel.swift in Sources */,
				4DE9E13C2AEAB88600BEFF94 /* HomeView.swift in Sources */,
				4DE9E13A2AEAB82200BEFF94 /* View2.swift in Sources */,
				4D0525492AE7074300B42802 /* ContentView.swift in Sources */,
				4DE9E13E2AEABC2300BEFF94 /* CustomTabBar.swift in Sources */,
				4D0525472AE7074300B42802 /* CustomTabBarApp.swift in Sources */,
				4DA7166D2AED1DCF00B771C5 /* CustomTabView2.swift in Sources */,
				4DE9E1362AEAB7AD00BEFF94 /* CustomTabView.swift in Sources */,
				4DE9E1402AEABCF300BEFF94 /* Fonts.swift in Sources */,
				4DE9E1382AEAB81000BEFF94 /* View1.swift in Sources */,
			);
			runOnlyForDeploymentPostprocessing = 0;
		};
/* End PBXSourcesBuildPhase section */

/* Begin XCBuildConfiguration section */
		4D05254F2AE7074400B42802 /* Debug */ = {
			isa = XCBuildConfiguration;
			buildSettings = {
				ALWAYS_SEARCH_USER_PATHS = NO;
				ASSETCATALOG_COMPILER_GENERATE_SWIFT_ASSET_SYMBOL_EXTENSIONS = YES;
				CLANG_ANALYZER_NONNULL = YES;
				CLANG_ANALYZER_NUMBER_OBJECT_CONVERSION = YES_AGGRESSIVE;
				CLANG_CXX_LANGUAGE_STANDARD = "gnu++20";
				CLANG_ENABLE_MODULES = YES;
				CLANG_ENABLE_OBJC_ARC = YES;
				CLANG_ENABLE_OBJC_WEAK = YES;
				CLANG_WARN_BLOCK_CAPTURE_AUTORELEASING = YES;
				CLANG_WARN_BOOL_CONVERSION = YES;
				CLANG_WARN_COMMA = YES;
				CLANG_WARN_CONSTANT_CONVERSION = YES;
				CLANG_WARN_DEPRECATED_OBJC_IMPLEMENTATIONS = YES;
				CLANG_WARN_DIRECT_OBJC_ISA_USAGE = YES_ERROR;
				CLANG_WARN_DOCUMENTATION_COMMENTS = YES;
				CLANG_WARN_EMPTY_BODY = YES;
				CLANG_WARN_ENUM_CONVERSION = YES;
				CLANG_WARN_INFINITE_RECURSION = YES;
				CLANG_WARN_INT_CONVERSION = YES;
				CLANG_WARN_NON_LITERAL_NULL_CONVERSION = YES;
				CLANG_WARN_OBJC_IMPLICIT_RETAIN_SELF = YES;
				CLANG_WARN_OBJC_LITERAL_CONVERSION = YES;
				CLANG_WARN_OBJC_ROOT_CLASS = YES_ERROR;
				CLANG_WARN_QUOTED_INCLUDE_IN_FRAMEWORK_HEADER = YES;
				CLANG_WARN_RANGE_LOOP_ANALYSIS = YES;
				CLANG_WARN_STRICT_PROTOTYPES = YES;
				CLANG_WARN_SUSPICIOUS_MOVE = YES;
				CLANG_WARN_UNGUARDED_AVAILABILITY = YES_AGGRESSIVE;
				CLANG_WARN_UNREACHABLE_CODE = YES;
				CLANG_WARN__DUPLICATE_METHOD_MATCH = YES;
				COPY_PHASE_STRIP = NO;
				DEBUG_INFORMATION_FORMAT = dwarf;
				ENABLE_STRICT_OBJC_MSGSEND = YES;
				ENABLE_TESTABILITY = YES;
				ENABLE_USER_SCRIPT_SANDBOXING = YES;
				GCC_C_LANGUAGE_STANDARD = gnu17;
				GCC_DYNAMIC_NO_PIC = NO;
				GCC_NO_COMMON_BLOCKS = YES;
				GCC_OPTIMIZATION_LEVEL = 0;
				GCC_PREPROCESSOR_DEFINITIONS = (
					"DEBUG=1",
					"$(inherited)",
				);
				GCC_WARN_64_TO_32_BIT_CONVERSION = YES;
				GCC_WARN_ABOUT_RETURN_TYPE = YES_ERROR;
				GCC_WARN_UNDECLARED_SELECTOR = YES;
				GCC_WARN_UNINITIALIZED_AUTOS = YES_AGGRESSIVE;
				GCC_WARN_UNUSED_FUNCTION = YES;
				GCC_WARN_UNUSED_VARIABLE = YES;
				IPHONEOS_DEPLOYMENT_TARGET = 17.0;
				LOCALIZATION_PREFERS_STRING_CATALOGS = YES;
				MTL_ENABLE_DEBUG_INFO = INCLUDE_SOURCE;
				MTL_FAST_MATH = YES;
				ONLY_ACTIVE_ARCH = YES;
				SDKROOT = iphoneos;
				SWIFT_ACTIVE_COMPILATION_CONDITIONS = "DEBUG $(inherited)";
				SWIFT_OPTIMIZATION_LEVEL = "-Onone";
			};
			name = Debug;
		};
		4D0525502AE7074400B42802 /* Release */ = {
			isa = XCBuildConfiguration;
			buildSettings = {
				ALWAYS_SEARCH_USER_PATHS = NO;
				ASSETCATALOG_COMPILER_GENERATE_SWIFT_ASSET_SYMBOL_EXTENSIONS = YES;
				CLANG_ANALYZER_NONNULL = YES;
				CLANG_ANALYZER_NUMBER_OBJECT_CONVERSION = YES_AGGRESSIVE;
				CLANG_CXX_LANGUAGE_STANDARD = "gnu++20";
				CLANG_ENABLE_MODULES = YES;
				CLANG_ENABLE_OBJC_ARC = YES;
				CLANG_ENABLE_OBJC_WEAK = YES;
				CLANG_WARN_BLOCK_CAPTURE_AUTORELEASING = YES;
				CLANG_WARN_BOOL_CONVERSION = YES;
				CLANG_WARN_COMMA = YES;
				CLANG_WARN_CONSTANT_CONVERSION = YES;
				CLANG_WARN_DEPRECATED_OBJC_IMPLEMENTATIONS = YES;
				CLANG_WARN_DIRECT_OBJC_ISA_USAGE = YES_ERROR;
				CLANG_WARN_DOCUMENTATION_COMMENTS = YES;
				CLANG_WARN_EMPTY_BODY = YES;
				CLANG_WARN_ENUM_CONVERSION = YES;
				CLANG_WARN_INFINITE_RECURSION = YES;
				CLANG_WARN_INT_CONVERSION = YES;
				CLANG_WARN_NON_LITERAL_NULL_CONVERSION = YES;
				CLANG_WARN_OBJC_IMPLICIT_RETAIN_SELF = YES;
				CLANG_WARN_OBJC_LITERAL_CONVERSION = YES;
				CLANG_WARN_OBJC_ROOT_CLASS = YES_ERROR;
				CLANG_WARN_QUOTED_INCLUDE_IN_FRAMEWORK_HEADER = YES;
				CLANG_WARN_RANGE_LOOP_ANALYSIS = YES;
				CLANG_WARN_STRICT_PROTOTYPES = YES;
				CLANG_WARN_SUSPICIOUS_MOVE = YES;
				CLANG_WARN_UNGUARDED_AVAILABILITY = YES_AGGRESSIVE;
				CLANG_WARN_UNREACHABLE_CODE = YES;
				CLANG_WARN__DUPLICATE_METHOD_MATCH = YES;
				COPY_PHASE_STRIP = NO;
				DEBUG_INFORMATION_FORMAT = "dwarf-with-dsym";
				ENABLE_NS_ASSERTIONS = NO;
				ENABLE_STRICT_OBJC_MSGSEND = YES;
				ENABLE_USER_SCRIPT_SANDBOXING = YES;
				GCC_C_LANGUAGE_STANDARD = gnu17;
				GCC_NO_COMMON_BLOCKS = YES;
				GCC_WARN_64_TO_32_BIT_CONVERSION = YES;
				GCC_WARN_ABOUT_RETURN_TYPE = YES_ERROR;
				GCC_WARN_UNDECLARED_SELECTOR = YES;
				GCC_WARN_UNINITIALIZED_AUTOS = YES_AGGRESSIVE;
				GCC_WARN_UNUSED_FUNCTION = YES;
				GCC_WARN_UNUSED_VARIABLE = YES;
				IPHONEOS_DEPLOYMENT_TARGET = 17.0;
				LOCALIZATION_PREFERS_STRING_CATALOGS = YES;
				MTL_ENABLE_DEBUG_INFO = NO;
				MTL_FAST_MATH = YES;
				SDKROOT = iphoneos;
				SWIFT_COMPILATION_MODE = wholemodule;
				VALIDATE_PRODUCT = YES;
			};
			name = Release;
		};
		4D0525522AE7074400B42802 /* Debug */ = {
			isa = XCBuildConfiguration;
			buildSettings = {
				ASSETCATALOG_COMPILER_APPICON_NAME = AppIcon;
				ASSETCATALOG_COMPILER_GLOBAL_ACCENT_COLOR_NAME = AccentColor;
				CODE_SIGN_STYLE = Automatic;
				CURRENT_PROJECT_VERSION = 1;
				DEVELOPMENT_ASSET_PATHS = "\"CustomTabBar/Preview Content\"";
				DEVELOPMENT_TEAM = 56F54J4H3N;
				ENABLE_PREVIEWS = YES;
				GENERATE_INFOPLIST_FILE = YES;
				INFOPLIST_KEY_UIApplicationSceneManifest_Generation = YES;
				INFOPLIST_KEY_UIApplicationSupportsIndirectInputEvents = YES;
				INFOPLIST_KEY_UILaunchScreen_Generation = YES;
				INFOPLIST_KEY_UISupportedInterfaceOrientations_iPad = "UIInterfaceOrientationPortrait UIInterfaceOrientationPortraitUpsideDown UIInterfaceOrientationLandscapeLeft UIInterfaceOrientationLandscapeRight";
				INFOPLIST_KEY_UISupportedInterfaceOrientations_iPhone = "UIInterfaceOrientationPortrait UIInterfaceOrientationLandscapeLeft UIInterfaceOrientationLandscapeRight";
				IPHONEOS_DEPLOYMENT_TARGET = 17.0;
				LD_RUNPATH_SEARCH_PATHS = (
					"$(inherited)",
					"@executable_path/Frameworks",
				);
				MARKETING_VERSION = 1.0;
				PRODUCT_BUNDLE_IDENTIFIER = mobilesoftwareservices.CustomTabBar;
				PRODUCT_NAME = "$(TARGET_NAME)";
				SWIFT_EMIT_LOC_STRINGS = YES;
				SWIFT_VERSION = 5.0;
				TARGETED_DEVICE_FAMILY = "1,2";
			};
			name = Debug;
		};
		4D0525532AE7074400B42802 /* Release */ = {
			isa = XCBuildConfiguration;
			buildSettings = {
				ASSETCATALOG_COMPILER_APPICON_NAME = AppIcon;
				ASSETCATALOG_COMPILER_GLOBAL_ACCENT_COLOR_NAME = AccentColor;
				CODE_SIGN_STYLE = Automatic;
				CURRENT_PROJECT_VERSION = 1;
				DEVELOPMENT_ASSET_PATHS = "\"CustomTabBar/Preview Content\"";
				DEVELOPMENT_TEAM = 56F54J4H3N;
				ENABLE_PREVIEWS = YES;
				GENERATE_INFOPLIST_FILE = YES;
				INFOPLIST_KEY_UIApplicationSceneManifest_Generation = YES;
				INFOPLIST_KEY_UIApplicationSupportsIndirectInputEvents = YES;
				INFOPLIST_KEY_UILaunchScreen_Generation = YES;
				INFOPLIST_KEY_UISupportedInterfaceOrientations_iPad = "UIInterfaceOrientationPortrait UIInterfaceOrientationPortraitUpsideDown UIInterfaceOrientationLandscapeLeft UIInterfaceOrientationLandscapeRight";
				INFOPLIST_KEY_UISupportedInterfaceOrientations_iPhone = "UIInterfaceOrientationPortrait UIInterfaceOrientationLandscapeLeft UIInterfaceOrientationLandscapeRight";
				IPHONEOS_DEPLOYMENT_TARGET = 17.0;
				LD_RUNPATH_SEARCH_PATHS = (
					"$(inherited)",
					"@executable_path/Frameworks",
				);
				MARKETING_VERSION = 1.0;
				PRODUCT_BUNDLE_IDENTIFIER = mobilesoftwareservices.CustomTabBar;
				PRODUCT_NAME = "$(TARGET_NAME)";
				SWIFT_EMIT_LOC_STRINGS = YES;
				SWIFT_VERSION = 5.0;
				TARGETED_DEVICE_FAMILY = "1,2";
			};
			name = Release;
		};
/* End XCBuildConfiguration section */

/* Begin XCConfigurationList section */
		4D05253E2AE7074300B42802 /* Build configuration list for PBXProject "CustomTabBar" */ = {
			isa = XCConfigurationList;
			buildConfigurations = (
				4D05254F2AE7074400B42802 /* Debug */,
				4D0525502AE7074400B42802 /* Release */,
			);
			defaultConfigurationIsVisible = 0;
			defaultConfigurationName = Release;
		};
		4D0525512AE7074400B42802 /* Build configuration list for PBXNativeTarget "CustomTabBar" */ = {
			isa = XCConfigurationList;
			buildConfigurations = (
				4D0525522AE7074400B42802 /* Debug */,
				4D0525532AE7074400B42802 /* Release */,
			);
			defaultConfigurationIsVisible = 0;
			defaultConfigurationName = Release;
		};
/* End XCConfigurationList section */
	};
	rootObject = 4D05253B2AE7074300B42802 /* Project object */;
}
